{
  "pins" : [
    {
      "identity" : "abseil-cpp-swiftpm",
      "kind" : "remoteSourceControl",
      "location" : "https://github.com/firebase/abseil-cpp-SwiftPM.git",
      "state" : {
        "revision" : "583de9bd60f66b40e78d08599cc92036c2e7e4e1",
        "version" : "0.20220203.2"
      }
    },
    {
      "identity" : "async-http-client",
      "kind" : "remoteSourceControl",
      "location" : "https://github.com/swift-server/async-http-client.git",
      "state" : {
        "revision" : "24425989dadab6d6e4167174791a23d4e2a6d0c3",
        "version" : "1.10.0"
      }
    },
    {
      "identity" : "async-kit",
      "kind" : "remoteSourceControl",
      "location" : "https://github.com/vapor/async-kit.git",
      "state" : {
        "revision" : "017dc7da68c1ec9f0f46fcd1a8002d14a5662732",
        "version" : "1.12.0"
      }
    },
    {
      "identity" : "boringssl-swiftpm",
      "kind" : "remoteSourceControl",
      "location" : "https://github.com/firebase/boringssl-SwiftPM.git",
      "state" : {
        "revision" : "dd3eda2b05a3f459fc3073695ad1b28659066eab",
        "version" : "0.9.1"
      }
    },
    {
      "identity" : "combine-schedulers",
      "kind" : "remoteSourceControl",
      "location" : "https://github.com/pointfreeco/combine-schedulers",
      "state" : {
        "revision" : "aa3e575929f2bcc5bad012bd2575eae716cbcdf7",
        "version" : "0.8.0"
      }
    },
    {
      "identity" : "console-kit",
      "kind" : "remoteSourceControl",
      "location" : "https://github.com/vapor/console-kit.git",
      "state" : {
        "revision" : "bd25f0f29620eb3aad4d7d21c08a10d5324d4894",
        "version" : "4.4.0"
      }
    },
    {
      "identity" : "firebase-ios-sdk",
      "kind" : "remoteSourceControl",
      "location" : "https://github.com/firebase/firebase-ios-sdk",
      "state" : {
        "revision" : "7e80c25b51c2ffa238879b07fbfc5baa54bb3050",
        "version" : "9.6.0"
      }
    },
    {
      "identity" : "flowstacks",
      "kind" : "remoteSourceControl",
      "location" : "https://github.com/johnpatrickmorgan/FlowStacks",
      "state" : {
        "revision" : "6ef15945183e983d0de8c69a2750ed44d1f3645e",
        "version" : "0.2.3"
      }
    },
    {
      "identity" : "fluent",
      "kind" : "remoteSourceControl",
      "location" : "https://github.com/vapor/fluent.git",
      "state" : {
        "revision" : "ea707ee318066a073c95b2b2df1aa640fcb67f9e",
        "version" : "4.4.0"
      }
    },
    {
      "identity" : "fluent-kit",
      "kind" : "remoteSourceControl",
      "location" : "https://github.com/vapor/fluent-kit.git",
      "state" : {
        "revision" : "8958da5e2aec8d56ad45c340683117a074e2885a",
        "version" : "1.25.0"
      }
    },
    {
      "identity" : "fluent-postgres-driver",
      "kind" : "remoteSourceControl",
      "location" : "https://github.com/vapor/fluent-postgres-driver.git",
      "state" : {
        "revision" : "7c266b539f71331ad6e53ea8fae587ccdaf972f2",
        "version" : "2.2.6"
      }
    },
    {
      "identity" : "googleappmeasurement",
      "kind" : "remoteSourceControl",
      "location" : "https://github.com/google/GoogleAppMeasurement.git",
      "state" : {
        "revision" : "c1cfde8067668027b23a42c29d11c246152fe046",
        "version" : "9.6.0"
      }
    },
    {
      "identity" : "googledatatransport",
      "kind" : "remoteSourceControl",
      "location" : "https://github.com/google/GoogleDataTransport.git",
      "state" : {
        "revision" : "5056b15c5acbb90cd214fe4d6138bdf5a740e5a8",
        "version" : "9.2.0"
      }
    },
    {
      "identity" : "googleutilities",
      "kind" : "remoteSourceControl",
      "location" : "https://github.com/google/GoogleUtilities.git",
      "state" : {
        "revision" : "22907832079d808e82f1182b21af58ef3880666f",
        "version" : "7.8.0"
      }
    },
    {
      "identity" : "grpc-ios",
      "kind" : "remoteSourceControl",
      "location" : "https://github.com/grpc/grpc-ios.git",
      "state" : {
        "revision" : "8440b914756e0d26d4f4d054a1c1581daedfc5b6",
        "version" : "1.44.3-grpc"
      }
    },
    {
      "identity" : "gtm-session-fetcher",
      "kind" : "remoteSourceControl",
      "location" : "https://github.com/google/gtm-session-fetcher.git",
      "state" : {
        "revision" : "d4289da23e978f37c344ea6a386e5546e2466294",
        "version" : "2.1.0"
      }
    },
    {
      "identity" : "keychainaccess",
      "kind" : "remoteSourceControl",
      "location" : "https://github.com/kishikawakatsumi/KeychainAccess",
      "state" : {
        "revision" : "84e546727d66f1adc5439debad16270d0fdd04e7",
        "version" : "4.2.2"
      }
    },
    {
      "identity" : "leveldb",
      "kind" : "remoteSourceControl",
      "location" : "https://github.com/firebase/leveldb.git",
      "state" : {
        "revision" : "0706abcc6b0bd9cedfbb015ba840e4a780b5159b",
        "version" : "1.22.2"
      }
    },
    {
      "identity" : "multipart-kit",
      "kind" : "remoteSourceControl",
      "location" : "https://github.com/vapor/multipart-kit.git",
      "state" : {
        "revision" : "0d55c35e788451ee27222783c7d363cb88092fab",
        "version" : "4.5.2"
      }
    },
    {
      "identity" : "nanopb",
      "kind" : "remoteSourceControl",
      "location" : "https://github.com/firebase/nanopb.git",
      "state" : {
        "revision" : "819d0a2173aff699fb8c364b6fb906f7cdb1a692",
        "version" : "2.30909.0"
      }
    },
    {
      "identity" : "niocronscheduler",
      "kind" : "remoteSourceControl",
      "location" : "https://github.com/MihaelIsaev/NIOCronScheduler.git",
      "state" : {
        "revision" : "c33c8af4a5836dc37ca675927f2fd030dbf8374e",
        "version" : "2.0.2"
      }
    },
    {
      "identity" : "postgres-kit",
      "kind" : "remoteSourceControl",
      "location" : "https://github.com/vapor/postgres-kit.git",
      "state" : {
        "revision" : "221e3e39e9c7d9b4999f38038c6b5f3122f4d438",
        "version" : "2.6.0"
      }
    },
    {
      "identity" : "postgres-nio",
      "kind" : "remoteSourceControl",
      "location" : "https://github.com/vapor/postgres-nio.git",
      "state" : {
        "revision" : "a7a160bb861ca88b0c8f1cc11e15c4892ab897bf",
        "version" : "1.10.0"
      }
    },
    {
      "identity" : "promises",
      "kind" : "remoteSourceControl",
      "location" : "https://github.com/google/promises.git",
      "state" : {
        "revision" : "3e4e743631e86c8c70dbc6efdc7beaa6e90fd3bb",
        "version" : "2.1.1"
      }
    },
    {
      "identity" : "routing-kit",
      "kind" : "remoteSourceControl",
      "location" : "https://github.com/vapor/routing-kit.git",
      "state" : {
        "revision" : "9e181d685a3dec1eef1fc6dacf606af364f86d68",
        "version" : "4.5.0"
      }
    },
    {
      "identity" : "sql-kit",
      "kind" : "remoteSourceControl",
      "location" : "https://github.com/vapor/sql-kit.git",
      "state" : {
        "revision" : "89b0a0a5f110e77272fb5a775064a31bfc1f155c",
        "version" : "3.18.0"
      }
    },
    {
      "identity" : "swifcron",
      "kind" : "remoteSourceControl",
      "location" : "https://github.com/MihaelIsaev/SwifCron.git",
      "state" : {
        "revision" : "effe20321342705e66894d86720c5882e2f4095e",
        "version" : "1.3.1"
      }
    },
    {
      "identity" : "swift-backtrace",
      "kind" : "remoteSourceControl",
      "location" : "https://github.com/swift-server/swift-backtrace.git",
      "state" : {
        "revision" : "d3e04a9d4b3833363fb6192065b763310b156d54",
        "version" : "1.3.1"
      }
    },
    {
      "identity" : "swift-case-paths",
      "kind" : "remoteSourceControl",
      "location" : "https://github.com/pointfreeco/swift-case-paths",
      "state" : {
        "revision" : "ce9c0d897db8a840c39de64caaa9b60119cf4be8",
        "version" : "0.8.1"
      }
    },
    {
      "identity" : "swift-collections",
      "kind" : "remoteSourceControl",
      "location" : "https://github.com/apple/swift-collections",
      "state" : {
        "revision" : "48254824bb4248676bf7ce56014ff57b142b77eb",
        "version" : "1.0.2"
      }
    },
    {
      "identity" : "swift-composable-architecture",
      "kind" : "remoteSourceControl",
      "location" : "https://github.com/pointfreeco/swift-composable-architecture",
      "state" : {
        "branch" : "protocol-beta",
        "revision" : "335336e3a227fc3beb5323d2dc4c06dd947871db"
      }
    },
    {
      "identity" : "swift-crypto",
      "kind" : "remoteSourceControl",
      "location" : "https://github.com/apple/swift-crypto.git",
      "state" : {
        "revision" : "d9825fa541df64b1a7b182178d61b9a82730d01f",
        "version" : "2.1.0"
      }
    },
    {
      "identity" : "swift-custom-dump",
      "kind" : "remoteSourceControl",
      "location" : "https://github.com/pointfreeco/swift-custom-dump",
      "state" : {
        "revision" : "c4f78db9b90ca57b7b6abc2223e235242739ea3c",
        "version" : "0.4.0"
      }
    },
    {
      "identity" : "swift-identified-collections",
      "kind" : "remoteSourceControl",
      "location" : "https://github.com/pointfreeco/swift-identified-collections",
      "state" : {
        "revision" : "2d6b7ffcc67afd9077fac5e5a29bcd6d39b71076",
        "version" : "0.4.0"
      }
    },
    {
      "identity" : "swift-log",
      "kind" : "remoteSourceControl",
      "location" : "https://github.com/apple/swift-log.git",
      "state" : {
        "revision" : "5d66f7ba25daf4f94100e7022febf3c75e37a6c7",
        "version" : "1.4.2"
      }
    },
    {
      "identity" : "swift-metrics",
      "kind" : "remoteSourceControl",
      "location" : "https://github.com/apple/swift-metrics.git",
      "state" : {
        "revision" : "1c1408bf8fc21be93713e897d2badf500ea38419",
        "version" : "2.3.1"
      }
    },
    {
      "identity" : "swift-nio",
      "kind" : "remoteSourceControl",
      "location" : "https://github.com/apple/swift-nio.git",
      "state" : {
        "revision" : "124119f0bb12384cef35aa041d7c3a686108722d",
        "version" : "2.40.0"
      }
    },
    {
      "identity" : "swift-nio-extras",
      "kind" : "remoteSourceControl",
      "location" : "https://github.com/apple/swift-nio-extras.git",
      "state" : {
        "revision" : "8eea84ec6144167354387ef9244b0939f5852dc8",
        "version" : "1.11.0"
      }
    },
    {
      "identity" : "swift-nio-http2",
      "kind" : "remoteSourceControl",
      "location" : "https://github.com/apple/swift-nio-http2.git",
      "state" : {
        "revision" : "72bcaf607b40d7c51044f65b0f5ed8581a911832",
        "version" : "1.21.0"
      }
    },
    {
      "identity" : "swift-nio-ssl",
      "kind" : "remoteSourceControl",
      "location" : "https://github.com/apple/swift-nio-ssl.git",
      "state" : {
        "revision" : "1750873bce84b4129b5303655cce2c3d35b9ed3a",
        "version" : "2.19.0"
      }
    },
    {
      "identity" : "swift-nio-transport-services",
      "kind" : "remoteSourceControl",
      "location" : "https://github.com/apple/swift-nio-transport-services.git",
      "state" : {
        "revision" : "1a4692acb88156e3da1b0c6732a8a38b2a744166",
        "version" : "1.12.0"
      }
    },
    {
      "identity" : "swift-parsing",
      "kind" : "remoteSourceControl",
      "location" : "https://github.com/pointfreeco/swift-parsing",
      "state" : {
        "branch" : "0.9.2",
        "revision" : "28d32e9ace1c4c43f5e5a177be837a202494c2d5"
      }
    },
    {
      "identity" : "swift-protobuf",
      "kind" : "remoteSourceControl",
      "location" : "https://github.com/apple/swift-protobuf.git",
      "state" : {
        "revision" : "b8230909dedc640294d7324d37f4c91ad3dcf177",
        "version" : "1.20.1"
      }
    },
    {
      "identity" : "swift-url-routing",
      "kind" : "remoteSourceControl",
      "location" : "https://github.com/pointfreeco/swift-url-routing",
      "state" : {
        "revision" : "5bf79bb370015e43842a61d558a9ee053171124e",
        "version" : "0.3.0"
      }
    },
    {
      "identity" : "tcacoordinators",
      "kind" : "remoteSourceControl",
      "location" : "https://github.com/johnpatrickmorgan/TCACoordinators",
      "state" : {
        "revision" : "d44cce852aae359a40b92d4468791acc23803fb8",
        "version" : "0.2.1"
      }
    },
    {
      "identity" : "vapor",
      "kind" : "remoteSourceControl",
      "location" : "https://github.com/vapor/vapor.git",
      "state" : {
        "revision" : "354fd15490b3de9c6cd3c6c71cd25a545a62f7b6",
        "version" : "4.60.2"
      }
    },
    {
      "identity" : "vapor-routing",
      "kind" : "remoteSourceControl",
      "location" : "https://github.com/pointfreeco/vapor-routing",
      "state" : {
        "revision" : "f07b4d7618bf48b450ed11c9f85b74ba8b9bae6c",
        "version" : "0.1.1"
      }
    },
    {
      "identity" : "vaporcron",
      "kind" : "remoteSourceControl",
      "location" : "https://github.com/MihaelIsaev/VaporCron.git",
      "state" : {
        "revision" : "ec41d63629cafe382f5ef2bb9579f20e81dfcd47",
        "version" : "2.5.1"
      }
    },
    {
      "identity" : "websocket-kit",
      "kind" : "remoteSourceControl",
      "location" : "https://github.com/vapor/websocket-kit.git",
      "state" : {
        "revision" : "e32033ad3c68ebec1b761bc961be7bd56bad02f8",
        "version" : "2.3.1"
      }
    },
    {
      "identity" : "xctest-dynamic-overlay",
      "kind" : "remoteSourceControl",
      "location" : "https://github.com/pointfreeco/xctest-dynamic-overlay",
      "state" : {
        "revision" : "30314f1ece684dd60679d598a9b89107557b67d9",
        "version" : "0.4.1"
      }
    }
  ],
  "version" : 2
}
