{
  "pins" : [
    {
      "identity" : "abseil-cpp-swiftpm",
      "kind" : "remoteSourceControl",
      "location" : "https://github.com/firebase/abseil-cpp-SwiftPM.git",
      "state" : {
        "revision" : "583de9bd60f66b40e78d08599cc92036c2e7e4e1",
        "version" : "0.20220203.2"
      }
    },
    {
      "identity" : "async-http-client",
      "kind" : "remoteSourceControl",
      "location" : "https://github.com/swift-server/async-http-client.git",
      "state" : {
        "revision" : "7f05a8da46cc2a4ab43218722298b81ac7a08031",
        "version" : "1.13.2"
      }
    },
    {
      "identity" : "async-kit",
      "kind" : "remoteSourceControl",
      "location" : "https://github.com/vapor/async-kit.git",
      "state" : {
        "revision" : "9acea4c92f51a5885c149904f0d11db4712dda80",
        "version" : "1.16.0"
      }
    },
    {
      "identity" : "boringssl-swiftpm",
      "kind" : "remoteSourceControl",
      "location" : "https://github.com/firebase/boringssl-SwiftPM.git",
      "state" : {
        "revision" : "dd3eda2b05a3f459fc3073695ad1b28659066eab",
        "version" : "0.9.1"
      }
    },
    {
      "identity" : "combine-schedulers",
      "kind" : "remoteSourceControl",
      "location" : "https://github.com/pointfreeco/combine-schedulers",
      "state" : {
        "revision" : "882ac01eb7ef9e36d4467eb4b1151e74fcef85ab",
        "version" : "0.9.1"
      }
    },
    {
      "identity" : "console-kit",
      "kind" : "remoteSourceControl",
      "location" : "https://github.com/vapor/console-kit.git",
      "state" : {
        "revision" : "447f1046fb4e9df40973fe426ecb24a6f0e8d3b4",
        "version" : "4.6.0"
      }
    },
    {
      "identity" : "firebase-ios-sdk",
      "kind" : "remoteSourceControl",
      "location" : "https://github.com/firebase/firebase-ios-sdk",
      "state" : {
        "revision" : "7e80c25b51c2ffa238879b07fbfc5baa54bb3050",
        "version" : "9.6.0"
      }
    },
    {
      "identity" : "flowstacks",
      "kind" : "remoteSourceControl",
      "location" : "https://github.com/johnpatrickmorgan/FlowStacks",
      "state" : {
        "revision" : "8d1bc577fcab0c09d599f1f2f6747db2d15f84f4",
        "version" : "0.3.0"
      }
    },
    {
      "identity" : "fluent",
      "kind" : "remoteSourceControl",
      "location" : "https://github.com/vapor/fluent.git",
      "state" : {
        "revision" : "2da106f46b093885f77fa03e3c719ab5bb8cfab4",
        "version" : "4.6.0"
      }
    },
    {
      "identity" : "fluent-kit",
      "kind" : "remoteSourceControl",
      "location" : "https://github.com/vapor/fluent-kit.git",
      "state" : {
        "revision" : "d03b0ff5605bd2cfad7ecddabde1947dbaaa3b47",
        "version" : "1.37.0"
      }
    },
    {
      "identity" : "fluent-postgres-driver",
      "kind" : "remoteSourceControl",
      "location" : "https://github.com/vapor/fluent-postgres-driver.git",
      "state" : {
        "revision" : "4808c539f08306ae6002f6106813a9350baa141b",
        "version" : "2.5.0"
      }
    },
    {
      "identity" : "googleappmeasurement",
      "kind" : "remoteSourceControl",
      "location" : "https://github.com/google/GoogleAppMeasurement.git",
      "state" : {
        "revision" : "c1cfde8067668027b23a42c29d11c246152fe046",
        "version" : "9.6.0"
      }
    },
    {
      "identity" : "googledatatransport",
      "kind" : "remoteSourceControl",
      "location" : "https://github.com/google/GoogleDataTransport.git",
      "state" : {
        "revision" : "f6b558e3f801f2cac336b04f615ce111fa9ddaa0",
        "version" : "9.2.1"
      }
    },
    {
      "identity" : "googleutilities",
      "kind" : "remoteSourceControl",
      "location" : "https://github.com/google/GoogleUtilities.git",
      "state" : {
        "revision" : "0543562f85620b5b7c510c6bcbef75b562a5127b",
        "version" : "7.11.0"
      }
    },
    {
      "identity" : "grpc-ios",
      "kind" : "remoteSourceControl",
      "location" : "https://github.com/grpc/grpc-ios.git",
      "state" : {
        "revision" : "8440b914756e0d26d4f4d054a1c1581daedfc5b6",
        "version" : "1.44.3-grpc"
      }
    },
    {
      "identity" : "gtm-session-fetcher",
      "kind" : "remoteSourceControl",
      "location" : "https://github.com/google/gtm-session-fetcher.git",
      "state" : {
        "revision" : "5ccda3981422a84186387dbb763ba739178b529c",
        "version" : "2.3.0"
      }
    },
    {
      "identity" : "keychainaccess",
      "kind" : "remoteSourceControl",
      "location" : "https://github.com/kishikawakatsumi/KeychainAccess",
      "state" : {
        "revision" : "84e546727d66f1adc5439debad16270d0fdd04e7",
        "version" : "4.2.2"
      }
    },
    {
      "identity" : "leveldb",
      "kind" : "remoteSourceControl",
      "location" : "https://github.com/firebase/leveldb.git",
      "state" : {
        "revision" : "0706abcc6b0bd9cedfbb015ba840e4a780b5159b",
        "version" : "1.22.2"
      }
    },
    {
      "identity" : "multipart-kit",
      "kind" : "remoteSourceControl",
      "location" : "https://github.com/vapor/multipart-kit.git",
      "state" : {
        "revision" : "0d55c35e788451ee27222783c7d363cb88092fab",
        "version" : "4.5.2"
      }
    },
    {
      "identity" : "nanopb",
      "kind" : "remoteSourceControl",
      "location" : "https://github.com/firebase/nanopb.git",
      "state" : {
        "revision" : "819d0a2173aff699fb8c364b6fb906f7cdb1a692",
        "version" : "2.30909.0"
      }
    },
    {
      "identity" : "niocronscheduler",
      "kind" : "remoteSourceControl",
      "location" : "https://github.com/MihaelIsaev/NIOCronScheduler.git",
      "state" : {
        "revision" : "aa67f5efde1c728772fcfc21a862412df83f14f1",
        "version" : "2.1.0"
      }
    },
    {
      "identity" : "postgres-kit",
      "kind" : "remoteSourceControl",
      "location" : "https://github.com/vapor/postgres-kit.git",
      "state" : {
        "revision" : "1174d9bc57798aba7a99451e5380c0eb0fb796d8",
        "version" : "2.9.0"
      }
    },
    {
      "identity" : "postgres-nio",
      "kind" : "remoteSourceControl",
      "location" : "https://github.com/vapor/postgres-nio.git",
      "state" : {
        "revision" : "7daf026e145de2c07d6e37f4171b1acb4b5f22b1",
        "version" : "1.12.1"
      }
    },
    {
      "identity" : "promises",
      "kind" : "remoteSourceControl",
      "location" : "https://github.com/google/promises.git",
      "state" : {
        "revision" : "3e4e743631e86c8c70dbc6efdc7beaa6e90fd3bb",
        "version" : "2.1.1"
      }
    },
    {
      "identity" : "routing-kit",
      "kind" : "remoteSourceControl",
      "location" : "https://github.com/vapor/routing-kit.git",
      "state" : {
        "revision" : "ffac7b3a127ce1e85fb232f1a6271164628809ad",
        "version" : "4.6.0"
      }
    },
    {
      "identity" : "sql-kit",
      "kind" : "remoteSourceControl",
      "location" : "https://github.com/vapor/sql-kit.git",
      "state" : {
        "revision" : "fcc29f543b3de7b661cbe7540805974234cb9740",
        "version" : "3.24.0"
      }
    },
    {
      "identity" : "swifcron",
      "kind" : "remoteSourceControl",
      "location" : "https://github.com/MihaelIsaev/SwifCron.git",
      "state" : {
        "revision" : "51d388da749b002522261e6fe4171acf93ee1b74",
        "version" : "2.0.0"
      }
    },
    {
      "identity" : "swift-algorithms",
      "kind" : "remoteSourceControl",
      "location" : "https://github.com/apple/swift-algorithms.git",
      "state" : {
        "revision" : "b14b7f4c528c942f121c8b860b9410b2bf57825e",
        "version" : "1.0.0"
      }
    },
    {
      "identity" : "swift-atomics",
      "kind" : "remoteSourceControl",
      "location" : "https://github.com/apple/swift-atomics.git",
      "state" : {
        "revision" : "ff3d2212b6b093db7f177d0855adbc4ef9c5f036",
        "version" : "1.0.3"
      }
    },
    {
      "identity" : "swift-backtrace",
      "kind" : "remoteSourceControl",
      "location" : "https://github.com/swift-server/swift-backtrace.git",
      "state" : {
        "revision" : "f25620d5d05e2f1ba27154b40cafea2b67566956",
        "version" : "1.3.3"
      }
    },
    {
      "identity" : "swift-case-paths",
      "kind" : "remoteSourceControl",
      "location" : "https://github.com/pointfreeco/swift-case-paths",
      "state" : {
        "revision" : "870133b7b2387df136ad301ec67b2e864b51dda1",
        "version" : "0.14.0"
      }
    },
    {
      "identity" : "swift-clocks",
      "kind" : "remoteSourceControl",
      "location" : "https://github.com/pointfreeco/swift-clocks",
      "state" : {
        "revision" : "20b25ca0dd88ebfb9111ec937814ddc5a8880172",
        "version" : "0.2.0"
      }
    },
    {
      "identity" : "swift-collections",
      "kind" : "remoteSourceControl",
      "location" : "https://github.com/apple/swift-collections",
      "state" : {
        "revision" : "937e904258d22af6e447a0b72c0bc67583ef64a2",
        "version" : "1.0.4"
      }
    },
    {
      "identity" : "swift-composable-architecture",
      "kind" : "remoteSourceControl",
      "location" : "https://github.com/pointfreeco/swift-composable-architecture",
      "state" : {
        "branch" : "prerelease/1.0",
        "revision" : "53cf63304bedfcc7f497c71a5663e63043e59f00"
      }
    },
    {
      "identity" : "swift-crypto",
      "kind" : "remoteSourceControl",
      "location" : "https://github.com/apple/swift-crypto.git",
      "state" : {
        "revision" : "75ec60b8b4cc0f085c3ac414f3dca5625fa3588e",
        "version" : "2.2.4"
      }
    },
    {
      "identity" : "swift-custom-dump",
      "kind" : "remoteSourceControl",
      "location" : "https://github.com/pointfreeco/swift-custom-dump",
      "state" : {
        "revision" : "de8ba65649e7ee317b9daf27dd5eebf34bd4be57",
        "version" : "0.9.1"
      }
    },
    {
      "identity" : "swift-dependencies",
      "kind" : "remoteSourceControl",
      "location" : "https://github.com/pointfreeco/swift-dependencies",
      "state" : {
        "revision" : "6bb1034e8a1bfbf46dfb766b6c09b7b17e1cba10",
        "version" : "0.2.0"
      }
    },
    {
      "identity" : "swift-identified-collections",
      "kind" : "remoteSourceControl",
      "location" : "https://github.com/pointfreeco/swift-identified-collections",
      "state" : {
        "revision" : "ad3932d28c2e0a009a0167089619526709ef6497",
        "version" : "0.7.0"
      }
    },
    {
      "identity" : "swift-log",
      "kind" : "remoteSourceControl",
      "location" : "https://github.com/apple/swift-log.git",
      "state" : {
        "revision" : "32e8d724467f8fe623624570367e3d50c5638e46",
        "version" : "1.5.2"
      }
    },
    {
      "identity" : "swift-metrics",
      "kind" : "remoteSourceControl",
      "location" : "https://github.com/apple/swift-metrics.git",
      "state" : {
        "revision" : "e8bced74bc6d747745935e469f45d03f048d6cbd",
        "version" : "2.3.4"
      }
    },
    {
      "identity" : "swift-nio",
      "kind" : "remoteSourceControl",
      "location" : "https://github.com/apple/swift-nio.git",
      "state" : {
        "revision" : "45167b8006448c79dda4b7bd604e07a034c15c49",
        "version" : "2.48.0"
      }
    },
    {
      "identity" : "swift-nio-extras",
      "kind" : "remoteSourceControl",
      "location" : "https://github.com/apple/swift-nio-extras.git",
      "state" : {
        "revision" : "98378d1fe56527761c180f70b2d66a7b2307fc39",
        "version" : "1.16.0"
      }
    },
    {
      "identity" : "swift-nio-http2",
      "kind" : "remoteSourceControl",
      "location" : "https://github.com/apple/swift-nio-http2.git",
      "state" : {
        "revision" : "22757ac305f3d44d2b99ba541193ff1d64e77d00",
        "version" : "1.24.1"
      }
    },
    {
      "identity" : "swift-nio-ssl",
      "kind" : "remoteSourceControl",
      "location" : "https://github.com/apple/swift-nio-ssl.git",
      "state" : {
        "revision" : "4fb7ead803e38949eb1d6fabb849206a72c580f3",
        "version" : "2.23.0"
      }
    },
    {
      "identity" : "swift-nio-transport-services",
      "kind" : "remoteSourceControl",
      "location" : "https://github.com/apple/swift-nio-transport-services.git",
      "state" : {
        "revision" : "c0d9a144cfaec8d3d596aadde3039286a266c15c",
        "version" : "1.15.0"
      }
    },
    {
      "identity" : "swift-numerics",
      "kind" : "remoteSourceControl",
      "location" : "https://github.com/apple/swift-numerics",
      "state" : {
        "revision" : "0a5bc04095a675662cf24757cc0640aa2204253b",
        "version" : "1.0.2"
      }
    },
    {
      "identity" : "swift-parsing",
      "kind" : "remoteSourceControl",
      "location" : "https://github.com/pointfreeco/swift-parsing",
      "state" : {
        "revision" : "4bb9192468c1a8be57f46b7d6fd4f561c88b2195",
        "version" : "0.11.0"
      }
    },
    {
      "identity" : "swift-protobuf",
      "kind" : "remoteSourceControl",
      "location" : "https://github.com/apple/swift-protobuf.git",
      "state" : {
        "revision" : "ab3a58b7209a17d781c0d1dbb3e1ff3da306bae8",
        "version" : "1.20.3"
      }
    },
    {
      "identity" : "swift-url-routing",
      "kind" : "remoteSourceControl",
      "location" : "https://github.com/pointfreeco/swift-url-routing",
      "state" : {
        "revision" : "f54c4f74e7884f7930560c08387817ce28271770",
        "version" : "0.4.0"
      }
    },
    {
      "identity" : "swiftui-navigation",
      "kind" : "remoteSourceControl",
      "location" : "https://github.com/pointfreeco/swiftui-navigation",
      "state" : {
        "revision" : "0a0e1b321d70ee6a464ecfe6b0136d9eff77ebfc",
        "version" : "0.7.0"
      }
    },
    {
      "identity" : "tcacoordinators",
      "kind" : "remoteSourceControl",
      "location" : "https://github.com/ddanilyuk/TCACoordinators",
      "state" : {
        "branch" : "main",
        "revision" : "b38ead43aaacd6b340bf0b36a47d708c1cb1b558"
      }
    },
    {
      "identity" : "vapor",
      "kind" : "remoteSourceControl",
      "location" : "https://github.com/vapor/vapor.git",
      "state" : {
        "revision" : "7b76fe01a8eb02aa7f61d9ca10624f98b25a5735",
        "version" : "4.69.2"
      }
    },
    {
      "identity" : "vapor-routing",
      "kind" : "remoteSourceControl",
      "location" : "https://github.com/pointfreeco/vapor-routing",
      "state" : {
        "revision" : "ae1db2ec96fad88b00173a265313de2c447a9945",
        "version" : "0.1.3"
      }
    },
    {
      "identity" : "vaporcron",
      "kind" : "remoteSourceControl",
      "location" : "https://github.com/MihaelIsaev/VaporCron.git",
      "state" : {
        "revision" : "d6253e413b4bf306cbf5aac85ef33f1fe48de814",
        "version" : "2.6.0"
      }
    },
    {
      "identity" : "websocket-kit",
      "kind" : "remoteSourceControl",
      "location" : "https://github.com/vapor/websocket-kit.git",
      "state" : {
        "revision" : "2d9d2188a08eef4a869d368daab21b3c08510991",
        "version" : "2.6.1"
      }
    },
    {
      "identity" : "xctest-dynamic-overlay",
      "kind" : "remoteSourceControl",
      "location" : "https://github.com/pointfreeco/xctest-dynamic-overlay",
      "state" : {
        "revision" : "ace21305e0dd3a9e749aef79fef14be79a3b4669",
        "version" : "0.8.2"
      }
    }
  ],
  "version" : 2
}
