// !$*UTF8*$!
{
	archiveVersion = 1;
	classes = {
	};
	objectVersion = 55;
	objects = {

/* Begin PBXBuildFile section */
		5F137EAE28439EA100514263 /* ComposableArchitecture in Frameworks */ = {isa = PBXBuildFile; productRef = 5F137EAD28439EA100514263 /* ComposableArchitecture */; };
		5F137EB128439EC800514263 /* TCACoordinators in Frameworks */ = {isa = PBXBuildFile; productRef = 5F137EB028439EC800514263 /* TCACoordinators */; };
		5F137EB428439F2400514263 /* Introspect in Frameworks */ = {isa = PBXBuildFile; productRef = 5F137EB328439F2400514263 /* Introspect */; };
		5F137EC22843A35D00514263 /* AppStore.swift in Sources */ = {isa = PBXBuildFile; fileRef = 5F137EC12843A35D00514263 /* AppStore.swift */; };
		5F137EC42843A36200514263 /* AppView.swift in Sources */ = {isa = PBXBuildFile; fileRef = 5F137EC32843A36200514263 /* AppView.swift */; };
		5F137EC62843A36C00514263 /* AppDelegate.swift in Sources */ = {isa = PBXBuildFile; fileRef = 5F137EC52843A36C00514263 /* AppDelegate.swift */; };
		5F137EC82843A37100514263 /* AppDelegateStore.swift in Sources */ = {isa = PBXBuildFile; fileRef = 5F137EC72843A37100514263 /* AppDelegateStore.swift */; };
		5F137ECD2843A3C500514263 /* LoginStore.swift in Sources */ = {isa = PBXBuildFile; fileRef = 5F137ECC2843A3C500514263 /* LoginStore.swift */; };
		5F137ECF2843A3CA00514263 /* LoginView.swift in Sources */ = {isa = PBXBuildFile; fileRef = 5F137ECE2843A3CA00514263 /* LoginView.swift */; };
		5F137ED12843A3D500514263 /* MainStore.swift in Sources */ = {isa = PBXBuildFile; fileRef = 5F137ED02843A3D500514263 /* MainStore.swift */; };
		5F137ED32843A3E200514263 /* MainView.swift in Sources */ = {isa = PBXBuildFile; fileRef = 5F137ED22843A3E200514263 /* MainView.swift */; };
		5F137ED62843A6FF00514263 /* GroupPickerStore.swift in Sources */ = {isa = PBXBuildFile; fileRef = 5F137ED52843A6FF00514263 /* GroupPickerStore.swift */; };
		5F137ED82843A70600514263 /* GroupPickerView.swift in Sources */ = {isa = PBXBuildFile; fileRef = 5F137ED72843A70600514263 /* GroupPickerView.swift */; };
		5F137EDB2843A85600514263 /* GroupResponse.swift in Sources */ = {isa = PBXBuildFile; fileRef = 5F137EDA2843A85600514263 /* GroupResponse.swift */; };
		5F137EDD2843A87700514263 /* Group.swift in Sources */ = {isa = PBXBuildFile; fileRef = 5F137EDC2843A87700514263 /* Group.swift */; };
		5F137EE02843B26500514263 /* OnboardingStore.swift in Sources */ = {isa = PBXBuildFile; fileRef = 5F137EDF2843B26500514263 /* OnboardingStore.swift */; };
		5F137EE22843B26D00514263 /* OnboardingView.swift in Sources */ = {isa = PBXBuildFile; fileRef = 5F137EE12843B26D00514263 /* OnboardingView.swift */; };
		5F137EE42843B3F800514263 /* LoginScreenProvider.swift in Sources */ = {isa = PBXBuildFile; fileRef = 5F137EE32843B3F800514263 /* LoginScreenProvider.swift */; };
		5F137EE62844022800514263 /* Loader.swift in Sources */ = {isa = PBXBuildFile; fileRef = 5F137EE52844022800514263 /* Loader.swift */; };
		5F137EE9284403F200514263 /* Loadable.swift in Sources */ = {isa = PBXBuildFile; fileRef = 5F137EE8284403F200514263 /* Loadable.swift */; };
		5F137EEB284407CE00514263 /* RozkladScreenProvider.swift in Sources */ = {isa = PBXBuildFile; fileRef = 5F137EEA284407CE00514263 /* RozkladScreenProvider.swift */; };
		5F137EF0284409F900514263 /* RozkladStore.swift in Sources */ = {isa = PBXBuildFile; fileRef = 5F137EEF284409F900514263 /* RozkladStore.swift */; };
		5F137EF228440A0900514263 /* RozkladCoordinatorView.swift in Sources */ = {isa = PBXBuildFile; fileRef = 5F137EF128440A0900514263 /* RozkladCoordinatorView.swift */; };
		5F137EF428440A1100514263 /* CampusStore.swift in Sources */ = {isa = PBXBuildFile; fileRef = 5F137EF328440A1100514263 /* CampusStore.swift */; };
		5F137EF628440A1700514263 /* CampusView.swift in Sources */ = {isa = PBXBuildFile; fileRef = 5F137EF528440A1700514263 /* CampusView.swift */; };
		5F137EF828440A1E00514263 /* ProfileStore.swift in Sources */ = {isa = PBXBuildFile; fileRef = 5F137EF728440A1E00514263 /* ProfileStore.swift */; };
		5F137EFA28440A2400514263 /* ProfileView.swift in Sources */ = {isa = PBXBuildFile; fileRef = 5F137EF928440A2400514263 /* ProfileView.swift */; };
		5F137EFD28440DF500514263 /* GroupLessonsStore.swift in Sources */ = {isa = PBXBuildFile; fileRef = 5F137EFC28440DF500514263 /* GroupLessonsStore.swift */; };
		5F137EFF28440DFD00514263 /* GroupLessonsView.swift in Sources */ = {isa = PBXBuildFile; fileRef = 5F137EFE28440DFD00514263 /* GroupLessonsView.swift */; };
		5F137F0228440E6D00514263 /* LessonDetailsStore.swift in Sources */ = {isa = PBXBuildFile; fileRef = 5F137F0128440E6D00514263 /* LessonDetailsStore.swift */; };
		5F137F0428440E7400514263 /* LessonDetailsView.swift in Sources */ = {isa = PBXBuildFile; fileRef = 5F137F0328440E7400514263 /* LessonDetailsView.swift */; };
		5F97B3BF283677C200350368 /* KPIHubIOSApp.swift in Sources */ = {isa = PBXBuildFile; fileRef = 5F97B3BE283677C200350368 /* KPIHubIOSApp.swift */; };
		5F97B3C1283677C200350368 /* ContentView.swift in Sources */ = {isa = PBXBuildFile; fileRef = 5F97B3C0283677C200350368 /* ContentView.swift */; };
		5F97B3C3283677C500350368 /* Assets.xcassets in Resources */ = {isa = PBXBuildFile; fileRef = 5F97B3C2283677C500350368 /* Assets.xcassets */; };
		5F97B3C6283677C500350368 /* Preview Assets.xcassets in Resources */ = {isa = PBXBuildFile; fileRef = 5F97B3C5283677C500350368 /* Preview Assets.xcassets */; };
		5F97B3D0283677C600350368 /* KPIHubIOSTests.swift in Sources */ = {isa = PBXBuildFile; fileRef = 5F97B3CF283677C600350368 /* KPIHubIOSTests.swift */; };
		5F97B3DA283677C600350368 /* KPIHubIOSUITests.swift in Sources */ = {isa = PBXBuildFile; fileRef = 5F97B3D9283677C600350368 /* KPIHubIOSUITests.swift */; };
		5F97B3DC283677C600350368 /* KPIHubIOSUITestsLaunchTests.swift in Sources */ = {isa = PBXBuildFile; fileRef = 5F97B3DB283677C600350368 /* KPIHubIOSUITestsLaunchTests.swift */; };
		5FD570B5283680DA00D8E869 /* Routes in Frameworks */ = {isa = PBXBuildFile; productRef = 5FD570B4283680DA00D8E869 /* Routes */; };
		6277E20EF494FBBE5BEA10DF /* Pods_KPIHubIOSTests.framework in Frameworks */ = {isa = PBXBuildFile; fileRef = 45F6E46C67178BD59E5CA025 /* Pods_KPIHubIOSTests.framework */; };
		8F92B9F3082A99426CBEAD2F /* Pods_KPIHubIOS_KPIHubIOSUITests.framework in Frameworks */ = {isa = PBXBuildFile; fileRef = 165F4FA83B049FD069079B59 /* Pods_KPIHubIOS_KPIHubIOSUITests.framework */; };
		B9921FEC72B198F4A63E3767 /* Pods_KPIHubIOS.framework in Frameworks */ = {isa = PBXBuildFile; fileRef = BFBD36B19DDEBE916FF2B355 /* Pods_KPIHubIOS.framework */; };
/* End PBXBuildFile section */

/* Begin PBXContainerItemProxy section */
		5F97B3CC283677C600350368 /* PBXContainerItemProxy */ = {
			isa = PBXContainerItemProxy;
			containerPortal = 5F97B3B3283677C200350368 /* Project object */;
			proxyType = 1;
			remoteGlobalIDString = 5F97B3BA283677C200350368;
			remoteInfo = KPIHubIOS;
		};
		5F97B3D6283677C600350368 /* PBXContainerItemProxy */ = {
			isa = PBXContainerItemProxy;
			containerPortal = 5F97B3B3283677C200350368 /* Project object */;
			proxyType = 1;
			remoteGlobalIDString = 5F97B3BA283677C200350368;
			remoteInfo = KPIHubIOS;
		};
/* End PBXContainerItemProxy section */

/* Begin PBXFileReference section */
		0E79D57E3A9FD150CCC41A04 /* Pods-KPIHubIOS.release.xcconfig */ = {isa = PBXFileReference; includeInIndex = 1; lastKnownFileType = text.xcconfig; name = "Pods-KPIHubIOS.release.xcconfig"; path = "Target Support Files/Pods-KPIHubIOS/Pods-KPIHubIOS.release.xcconfig"; sourceTree = "<group>"; };
		165F4FA83B049FD069079B59 /* Pods_KPIHubIOS_KPIHubIOSUITests.framework */ = {isa = PBXFileReference; explicitFileType = wrapper.framework; includeInIndex = 0; path = Pods_KPIHubIOS_KPIHubIOSUITests.framework; sourceTree = BUILT_PRODUCTS_DIR; };
		40953FA08C1C9B33D4F99904 /* Pods-KPIHubIOS.debug.xcconfig */ = {isa = PBXFileReference; includeInIndex = 1; lastKnownFileType = text.xcconfig; name = "Pods-KPIHubIOS.debug.xcconfig"; path = "Target Support Files/Pods-KPIHubIOS/Pods-KPIHubIOS.debug.xcconfig"; sourceTree = "<group>"; };
		45F6E46C67178BD59E5CA025 /* Pods_KPIHubIOSTests.framework */ = {isa = PBXFileReference; explicitFileType = wrapper.framework; includeInIndex = 0; path = Pods_KPIHubIOSTests.framework; sourceTree = BUILT_PRODUCTS_DIR; };
		59000BB251097CFC2D11EF01 /* Pods-KPIHubIOS-KPIHubIOSUITests.release.xcconfig */ = {isa = PBXFileReference; includeInIndex = 1; lastKnownFileType = text.xcconfig; name = "Pods-KPIHubIOS-KPIHubIOSUITests.release.xcconfig"; path = "Target Support Files/Pods-KPIHubIOS-KPIHubIOSUITests/Pods-KPIHubIOS-KPIHubIOSUITests.release.xcconfig"; sourceTree = "<group>"; };
		5F137EC12843A35D00514263 /* AppStore.swift */ = {isa = PBXFileReference; lastKnownFileType = sourcecode.swift; path = AppStore.swift; sourceTree = "<group>"; };
		5F137EC32843A36200514263 /* AppView.swift */ = {isa = PBXFileReference; lastKnownFileType = sourcecode.swift; path = AppView.swift; sourceTree = "<group>"; };
		5F137EC52843A36C00514263 /* AppDelegate.swift */ = {isa = PBXFileReference; lastKnownFileType = sourcecode.swift; path = AppDelegate.swift; sourceTree = "<group>"; };
		5F137EC72843A37100514263 /* AppDelegateStore.swift */ = {isa = PBXFileReference; lastKnownFileType = sourcecode.swift; path = AppDelegateStore.swift; sourceTree = "<group>"; };
		5F137ECC2843A3C500514263 /* LoginStore.swift */ = {isa = PBXFileReference; lastKnownFileType = sourcecode.swift; path = LoginStore.swift; sourceTree = "<group>"; };
		5F137ECE2843A3CA00514263 /* LoginView.swift */ = {isa = PBXFileReference; lastKnownFileType = sourcecode.swift; path = LoginView.swift; sourceTree = "<group>"; };
		5F137ED02843A3D500514263 /* MainStore.swift */ = {isa = PBXFileReference; lastKnownFileType = sourcecode.swift; path = MainStore.swift; sourceTree = "<group>"; };
		5F137ED22843A3E200514263 /* MainView.swift */ = {isa = PBXFileReference; lastKnownFileType = sourcecode.swift; path = MainView.swift; sourceTree = "<group>"; };
		5F137ED52843A6FF00514263 /* GroupPickerStore.swift */ = {isa = PBXFileReference; lastKnownFileType = sourcecode.swift; path = GroupPickerStore.swift; sourceTree = "<group>"; };
		5F137ED72843A70600514263 /* GroupPickerView.swift */ = {isa = PBXFileReference; lastKnownFileType = sourcecode.swift; path = GroupPickerView.swift; sourceTree = "<group>"; };
		5F137EDA2843A85600514263 /* GroupResponse.swift */ = {isa = PBXFileReference; lastKnownFileType = sourcecode.swift; path = GroupResponse.swift; sourceTree = "<group>"; };
		5F137EDC2843A87700514263 /* Group.swift */ = {isa = PBXFileReference; lastKnownFileType = sourcecode.swift; path = Group.swift; sourceTree = "<group>"; };
		5F137EDF2843B26500514263 /* OnboardingStore.swift */ = {isa = PBXFileReference; lastKnownFileType = sourcecode.swift; path = OnboardingStore.swift; sourceTree = "<group>"; };
		5F137EE12843B26D00514263 /* OnboardingView.swift */ = {isa = PBXFileReference; lastKnownFileType = sourcecode.swift; path = OnboardingView.swift; sourceTree = "<group>"; };
		5F137EE32843B3F800514263 /* LoginScreenProvider.swift */ = {isa = PBXFileReference; lastKnownFileType = sourcecode.swift; path = LoginScreenProvider.swift; sourceTree = "<group>"; };
		5F137EE52844022800514263 /* Loader.swift */ = {isa = PBXFileReference; lastKnownFileType = sourcecode.swift; path = Loader.swift; sourceTree = "<group>"; };
		5F137EE8284403F200514263 /* Loadable.swift */ = {isa = PBXFileReference; lastKnownFileType = sourcecode.swift; path = Loadable.swift; sourceTree = "<group>"; };
		5F137EEA284407CE00514263 /* RozkladScreenProvider.swift */ = {isa = PBXFileReference; lastKnownFileType = sourcecode.swift; path = RozkladScreenProvider.swift; sourceTree = "<group>"; };
		5F137EEF284409F900514263 /* RozkladStore.swift */ = {isa = PBXFileReference; lastKnownFileType = sourcecode.swift; path = RozkladStore.swift; sourceTree = "<group>"; };
		5F137EF128440A0900514263 /* RozkladCoordinatorView.swift */ = {isa = PBXFileReference; lastKnownFileType = sourcecode.swift; path = RozkladCoordinatorView.swift; sourceTree = "<group>"; };
		5F137EF328440A1100514263 /* CampusStore.swift */ = {isa = PBXFileReference; lastKnownFileType = sourcecode.swift; path = CampusStore.swift; sourceTree = "<group>"; };
		5F137EF528440A1700514263 /* CampusView.swift */ = {isa = PBXFileReference; lastKnownFileType = sourcecode.swift; path = CampusView.swift; sourceTree = "<group>"; };
		5F137EF728440A1E00514263 /* ProfileStore.swift */ = {isa = PBXFileReference; lastKnownFileType = sourcecode.swift; path = ProfileStore.swift; sourceTree = "<group>"; };
		5F137EF928440A2400514263 /* ProfileView.swift */ = {isa = PBXFileReference; lastKnownFileType = sourcecode.swift; path = ProfileView.swift; sourceTree = "<group>"; };
		5F137EFC28440DF500514263 /* GroupLessonsStore.swift */ = {isa = PBXFileReference; lastKnownFileType = sourcecode.swift; path = GroupLessonsStore.swift; sourceTree = "<group>"; };
		5F137EFE28440DFD00514263 /* GroupLessonsView.swift */ = {isa = PBXFileReference; lastKnownFileType = sourcecode.swift; path = GroupLessonsView.swift; sourceTree = "<group>"; };
		5F137F0128440E6D00514263 /* LessonDetailsStore.swift */ = {isa = PBXFileReference; lastKnownFileType = sourcecode.swift; path = LessonDetailsStore.swift; sourceTree = "<group>"; };
		5F137F0328440E7400514263 /* LessonDetailsView.swift */ = {isa = PBXFileReference; lastKnownFileType = sourcecode.swift; path = LessonDetailsView.swift; sourceTree = "<group>"; };
		5F97B3BB283677C200350368 /* KPIHubIOS.app */ = {isa = PBXFileReference; explicitFileType = wrapper.application; includeInIndex = 0; path = KPIHubIOS.app; sourceTree = BUILT_PRODUCTS_DIR; };
		5F97B3BE283677C200350368 /* KPIHubIOSApp.swift */ = {isa = PBXFileReference; lastKnownFileType = sourcecode.swift; path = KPIHubIOSApp.swift; sourceTree = "<group>"; };
		5F97B3C0283677C200350368 /* ContentView.swift */ = {isa = PBXFileReference; lastKnownFileType = sourcecode.swift; path = ContentView.swift; sourceTree = "<group>"; };
		5F97B3C2283677C500350368 /* Assets.xcassets */ = {isa = PBXFileReference; lastKnownFileType = folder.assetcatalog; path = Assets.xcassets; sourceTree = "<group>"; };
		5F97B3C5283677C500350368 /* Preview Assets.xcassets */ = {isa = PBXFileReference; lastKnownFileType = folder.assetcatalog; path = "Preview Assets.xcassets"; sourceTree = "<group>"; };
		5F97B3CB283677C600350368 /* KPIHubIOSTests.xctest */ = {isa = PBXFileReference; explicitFileType = wrapper.cfbundle; includeInIndex = 0; path = KPIHubIOSTests.xctest; sourceTree = BUILT_PRODUCTS_DIR; };
		5F97B3CF283677C600350368 /* KPIHubIOSTests.swift */ = {isa = PBXFileReference; lastKnownFileType = sourcecode.swift; path = KPIHubIOSTests.swift; sourceTree = "<group>"; };
		5F97B3D5283677C600350368 /* KPIHubIOSUITests.xctest */ = {isa = PBXFileReference; explicitFileType = wrapper.cfbundle; includeInIndex = 0; path = KPIHubIOSUITests.xctest; sourceTree = BUILT_PRODUCTS_DIR; };
		5F97B3D9283677C600350368 /* KPIHubIOSUITests.swift */ = {isa = PBXFileReference; lastKnownFileType = sourcecode.swift; path = KPIHubIOSUITests.swift; sourceTree = "<group>"; };
		5F97B3DB283677C600350368 /* KPIHubIOSUITestsLaunchTests.swift */ = {isa = PBXFileReference; lastKnownFileType = sourcecode.swift; path = KPIHubIOSUITestsLaunchTests.swift; sourceTree = "<group>"; };
		5FD570B2283680CE00D8E869 /* KPIHubServer */ = {isa = PBXFileReference; lastKnownFileType = wrapper; name = KPIHubServer; path = ../KPIHubServer; sourceTree = "<group>"; };
		5FD570B3283680D200D8E869 /* Info.plist */ = {isa = PBXFileReference; lastKnownFileType = text.plist; path = Info.plist; sourceTree = "<group>"; };
		BFBD36B19DDEBE916FF2B355 /* Pods_KPIHubIOS.framework */ = {isa = PBXFileReference; explicitFileType = wrapper.framework; includeInIndex = 0; path = Pods_KPIHubIOS.framework; sourceTree = BUILT_PRODUCTS_DIR; };
		DC9FB22C82EF9CED3A31FBD7 /* Pods-KPIHubIOSTests.release.xcconfig */ = {isa = PBXFileReference; includeInIndex = 1; lastKnownFileType = text.xcconfig; name = "Pods-KPIHubIOSTests.release.xcconfig"; path = "Target Support Files/Pods-KPIHubIOSTests/Pods-KPIHubIOSTests.release.xcconfig"; sourceTree = "<group>"; };
		DE920022D9C94B235B666887 /* Pods-KPIHubIOSTests.debug.xcconfig */ = {isa = PBXFileReference; includeInIndex = 1; lastKnownFileType = text.xcconfig; name = "Pods-KPIHubIOSTests.debug.xcconfig"; path = "Target Support Files/Pods-KPIHubIOSTests/Pods-KPIHubIOSTests.debug.xcconfig"; sourceTree = "<group>"; };
		E8441509BC2A3EFC0CFBE577 /* Pods-KPIHubIOS-KPIHubIOSUITests.debug.xcconfig */ = {isa = PBXFileReference; includeInIndex = 1; lastKnownFileType = text.xcconfig; name = "Pods-KPIHubIOS-KPIHubIOSUITests.debug.xcconfig"; path = "Target Support Files/Pods-KPIHubIOS-KPIHubIOSUITests/Pods-KPIHubIOS-KPIHubIOSUITests.debug.xcconfig"; sourceTree = "<group>"; };
/* End PBXFileReference section */

/* Begin PBXFrameworksBuildPhase section */
		5F97B3B8283677C200350368 /* Frameworks */ = {
			isa = PBXFrameworksBuildPhase;
			buildActionMask = 2147483647;
			files = (
				5F137EAE28439EA100514263 /* ComposableArchitecture in Frameworks */,
				5F137EB428439F2400514263 /* Introspect in Frameworks */,
				5F137EB128439EC800514263 /* TCACoordinators in Frameworks */,
				5FD570B5283680DA00D8E869 /* Routes in Frameworks */,
				B9921FEC72B198F4A63E3767 /* Pods_KPIHubIOS.framework in Frameworks */,
			);
			runOnlyForDeploymentPostprocessing = 0;
		};
		5F97B3C8283677C600350368 /* Frameworks */ = {
			isa = PBXFrameworksBuildPhase;
			buildActionMask = 2147483647;
			files = (
				6277E20EF494FBBE5BEA10DF /* Pods_KPIHubIOSTests.framework in Frameworks */,
			);
			runOnlyForDeploymentPostprocessing = 0;
		};
		5F97B3D2283677C600350368 /* Frameworks */ = {
			isa = PBXFrameworksBuildPhase;
			buildActionMask = 2147483647;
			files = (
				8F92B9F3082A99426CBEAD2F /* Pods_KPIHubIOS_KPIHubIOSUITests.framework in Frameworks */,
			);
			runOnlyForDeploymentPostprocessing = 0;
		};
/* End PBXFrameworksBuildPhase section */

/* Begin PBXGroup section */
		5F137EBA2843A2FC00514263 /* Modules */ = {
			isa = PBXGroup;
			children = (
				5F97B3BE283677C200350368 /* KPIHubIOSApp.swift */,
				5F137EBE2843A32800514263 /* Root */,
				5F137EC92843A3A500514263 /* Login */,
				5F137ECA2843A3AC00514263 /* Main */,
				5F137EEC284409CC00514263 /* Rozklad */,
				5F137EED284409D200514263 /* Campus */,
				5F137EEE284409DD00514263 /* Profile */,
			);
			path = Modules;
			sourceTree = "<group>";
		};
		5F137EBB2843A30000514263 /* Models */ = {
			isa = PBXGroup;
			children = (
				5F137EDA2843A85600514263 /* GroupResponse.swift */,
				5F137EDC2843A87700514263 /* Group.swift */,
			);
			path = Models;
			sourceTree = "<group>";
		};
		5F137EBC2843A30300514263 /* Extensions */ = {
			isa = PBXGroup;
			children = (
			);
			path = Extensions;
			sourceTree = "<group>";
		};
		5F137EBD2843A30600514263 /* SharedViews */ = {
			isa = PBXGroup;
			children = (
				5F137EE7284403ED00514263 /* Loader */,
			);
			path = SharedViews;
			sourceTree = "<group>";
		};
		5F137EBE2843A32800514263 /* Root */ = {
			isa = PBXGroup;
			children = (
				5F137EBF2843A33900514263 /* App */,
				5F137EC02843A33C00514263 /* AppDelegate */,
			);
			path = Root;
			sourceTree = "<group>";
		};
		5F137EBF2843A33900514263 /* App */ = {
			isa = PBXGroup;
			children = (
				5F137EC12843A35D00514263 /* AppStore.swift */,
				5F137EC32843A36200514263 /* AppView.swift */,
			);
			path = App;
			sourceTree = "<group>";
		};
		5F137EC02843A33C00514263 /* AppDelegate */ = {
			isa = PBXGroup;
			children = (
				5F137EC72843A37100514263 /* AppDelegateStore.swift */,
				5F137EC52843A36C00514263 /* AppDelegate.swift */,
			);
			path = AppDelegate;
			sourceTree = "<group>";
		};
		5F137EC92843A3A500514263 /* Login */ = {
			isa = PBXGroup;
			children = (
				5F137ECC2843A3C500514263 /* LoginStore.swift */,
				5F137EE32843B3F800514263 /* LoginScreenProvider.swift */,
				5F137ECE2843A3CA00514263 /* LoginView.swift */,
				5F137EDE2843B25600514263 /* Onboarding */,
				5F137ED42843A6EA00514263 /* GroupPicker */,
			);
			path = Login;
			sourceTree = "<group>";
		};
		5F137ECA2843A3AC00514263 /* Main */ = {
			isa = PBXGroup;
			children = (
				5F137ED02843A3D500514263 /* MainStore.swift */,
				5F137ED22843A3E200514263 /* MainView.swift */,
			);
			path = Main;
			sourceTree = "<group>";
		};
		5F137ED42843A6EA00514263 /* GroupPicker */ = {
			isa = PBXGroup;
			children = (
				5F137ED52843A6FF00514263 /* GroupPickerStore.swift */,
				5F137ED72843A70600514263 /* GroupPickerView.swift */,
			);
			path = GroupPicker;
			sourceTree = "<group>";
		};
		5F137EDE2843B25600514263 /* Onboarding */ = {
			isa = PBXGroup;
			children = (
				5F137EDF2843B26500514263 /* OnboardingStore.swift */,
				5F137EE12843B26D00514263 /* OnboardingView.swift */,
			);
			path = Onboarding;
			sourceTree = "<group>";
		};
		5F137EE7284403ED00514263 /* Loader */ = {
			isa = PBXGroup;
			children = (
				5F137EE8284403F200514263 /* Loadable.swift */,
				5F137EE52844022800514263 /* Loader.swift */,
			);
			path = Loader;
			sourceTree = "<group>";
		};
		5F137EEC284409CC00514263 /* Rozklad */ = {
			isa = PBXGroup;
			children = (
				5F137EEF284409F900514263 /* RozkladStore.swift */,
				5F137EEA284407CE00514263 /* RozkladScreenProvider.swift */,
				5F137EF128440A0900514263 /* RozkladCoordinatorView.swift */,
				5F137EFB28440DD200514263 /* GroupLessons */,
				5F137F0028440E5900514263 /* LessonDetails */,
			);
			path = Rozklad;
			sourceTree = "<group>";
		};
		5F137EED284409D200514263 /* Campus */ = {
			isa = PBXGroup;
			children = (
				5F137EF328440A1100514263 /* CampusStore.swift */,
				5F137EF528440A1700514263 /* CampusView.swift */,
			);
			path = Campus;
			sourceTree = "<group>";
		};
		5F137EEE284409DD00514263 /* Profile */ = {
			isa = PBXGroup;
			children = (
				5F137EF728440A1E00514263 /* ProfileStore.swift */,
				5F137EF928440A2400514263 /* ProfileView.swift */,
			);
			path = Profile;
			sourceTree = "<group>";
		};
		5F137EFB28440DD200514263 /* GroupLessons */ = {
			isa = PBXGroup;
			children = (
				5F137EFC28440DF500514263 /* GroupLessonsStore.swift */,
				5F137EFE28440DFD00514263 /* GroupLessonsView.swift */,
			);
			path = GroupLessons;
			sourceTree = "<group>";
		};
		5F137F0028440E5900514263 /* LessonDetails */ = {
			isa = PBXGroup;
			children = (
				5F137F0128440E6D00514263 /* LessonDetailsStore.swift */,
				5F137F0328440E7400514263 /* LessonDetailsView.swift */,
			);
			path = LessonDetails;
			sourceTree = "<group>";
		};
		5F97B3B2283677C200350368 = {
			isa = PBXGroup;
			children = (
				5FD570B2283680CE00D8E869 /* KPIHubServer */,
				5F97B3BD283677C200350368 /* KPIHubIOS */,
				5F97B3CE283677C600350368 /* KPIHubIOSTests */,
				5F97B3D8283677C600350368 /* KPIHubIOSUITests */,
				5F97B3BC283677C200350368 /* Products */,
				5FD570AF2836809500D8E869 /* Frameworks */,
				FF0C919360EE4E6E309E3087 /* Pods */,
			);
			sourceTree = "<group>";
		};
		5F97B3BC283677C200350368 /* Products */ = {
			isa = PBXGroup;
			children = (
				5F97B3BB283677C200350368 /* KPIHubIOS.app */,
				5F97B3CB283677C600350368 /* KPIHubIOSTests.xctest */,
				5F97B3D5283677C600350368 /* KPIHubIOSUITests.xctest */,
			);
			name = Products;
			sourceTree = "<group>";
		};
		5F97B3BD283677C200350368 /* KPIHubIOS */ = {
			isa = PBXGroup;
			children = (
				5F97B3C0283677C200350368 /* ContentView.swift */,
				5F137EBA2843A2FC00514263 /* Modules */,
				5F137EBB2843A30000514263 /* Models */,
				5F97B3C4283677C500350368 /* Preview Content */,
				5F137EBD2843A30600514263 /* SharedViews */,
				5F137EBC2843A30300514263 /* Extensions */,
				5F97B3C2283677C500350368 /* Assets.xcassets */,
				5FD570B3283680D200D8E869 /* Info.plist */,
			);
			path = KPIHubIOS;
			sourceTree = "<group>";
		};
		5F97B3C4283677C500350368 /* Preview Content */ = {
			isa = PBXGroup;
			children = (
				5F97B3C5283677C500350368 /* Preview Assets.xcassets */,
			);
			path = "Preview Content";
			sourceTree = "<group>";
		};
		5F97B3CE283677C600350368 /* KPIHubIOSTests */ = {
			isa = PBXGroup;
			children = (
				5F97B3CF283677C600350368 /* KPIHubIOSTests.swift */,
			);
			path = KPIHubIOSTests;
			sourceTree = "<group>";
		};
		5F97B3D8283677C600350368 /* KPIHubIOSUITests */ = {
			isa = PBXGroup;
			children = (
				5F97B3D9283677C600350368 /* KPIHubIOSUITests.swift */,
				5F97B3DB283677C600350368 /* KPIHubIOSUITestsLaunchTests.swift */,
			);
			path = KPIHubIOSUITests;
			sourceTree = "<group>";
		};
		5FD570AF2836809500D8E869 /* Frameworks */ = {
			isa = PBXGroup;
			children = (
				BFBD36B19DDEBE916FF2B355 /* Pods_KPIHubIOS.framework */,
				165F4FA83B049FD069079B59 /* Pods_KPIHubIOS_KPIHubIOSUITests.framework */,
				45F6E46C67178BD59E5CA025 /* Pods_KPIHubIOSTests.framework */,
			);
			name = Frameworks;
			sourceTree = "<group>";
		};
		FF0C919360EE4E6E309E3087 /* Pods */ = {
			isa = PBXGroup;
			children = (
				40953FA08C1C9B33D4F99904 /* Pods-KPIHubIOS.debug.xcconfig */,
				0E79D57E3A9FD150CCC41A04 /* Pods-KPIHubIOS.release.xcconfig */,
				E8441509BC2A3EFC0CFBE577 /* Pods-KPIHubIOS-KPIHubIOSUITests.debug.xcconfig */,
				59000BB251097CFC2D11EF01 /* Pods-KPIHubIOS-KPIHubIOSUITests.release.xcconfig */,
				DE920022D9C94B235B666887 /* Pods-KPIHubIOSTests.debug.xcconfig */,
				DC9FB22C82EF9CED3A31FBD7 /* Pods-KPIHubIOSTests.release.xcconfig */,
			);
			path = Pods;
			sourceTree = "<group>";
		};
/* End PBXGroup section */

/* Begin PBXNativeTarget section */
		5F97B3BA283677C200350368 /* KPIHubIOS */ = {
			isa = PBXNativeTarget;
			buildConfigurationList = 5F97B3DF283677C600350368 /* Build configuration list for PBXNativeTarget "KPIHubIOS" */;
			buildPhases = (
				2A24D6DD85E65B11638838B1 /* [CP] Check Pods Manifest.lock */,
				5F97B3B7283677C200350368 /* Sources */,
				5F97B3B8283677C200350368 /* Frameworks */,
				5F97B3B9283677C200350368 /* Resources */,
				5F137EB92843A21400514263 /* SwiftLint */,
			);
			buildRules = (
			);
			dependencies = (
			);
			name = KPIHubIOS;
			packageProductDependencies = (
				5FD570B4283680DA00D8E869 /* Routes */,
				5F137EAD28439EA100514263 /* ComposableArchitecture */,
				5F137EB028439EC800514263 /* TCACoordinators */,
				5F137EB328439F2400514263 /* Introspect */,
			);
			productName = KPIHubIOS;
			productReference = 5F97B3BB283677C200350368 /* KPIHubIOS.app */;
			productType = "com.apple.product-type.application";
		};
		5F97B3CA283677C600350368 /* KPIHubIOSTests */ = {
			isa = PBXNativeTarget;
			buildConfigurationList = 5F97B3E2283677C600350368 /* Build configuration list for PBXNativeTarget "KPIHubIOSTests" */;
			buildPhases = (
				D5D087D1083A76E61092BBB5 /* [CP] Check Pods Manifest.lock */,
				5F97B3C7283677C600350368 /* Sources */,
				5F97B3C8283677C600350368 /* Frameworks */,
				5F97B3C9283677C600350368 /* Resources */,
			);
			buildRules = (
			);
			dependencies = (
				5F97B3CD283677C600350368 /* PBXTargetDependency */,
			);
			name = KPIHubIOSTests;
			productName = KPIHubIOSTests;
			productReference = 5F97B3CB283677C600350368 /* KPIHubIOSTests.xctest */;
			productType = "com.apple.product-type.bundle.unit-test";
		};
		5F97B3D4283677C600350368 /* KPIHubIOSUITests */ = {
			isa = PBXNativeTarget;
			buildConfigurationList = 5F97B3E5283677C600350368 /* Build configuration list for PBXNativeTarget "KPIHubIOSUITests" */;
			buildPhases = (
				C986416300F40B0613E6DBA2 /* [CP] Check Pods Manifest.lock */,
				5F97B3D1283677C600350368 /* Sources */,
				5F97B3D2283677C600350368 /* Frameworks */,
				5F97B3D3283677C600350368 /* Resources */,
			);
			buildRules = (
			);
			dependencies = (
				5F97B3D7283677C600350368 /* PBXTargetDependency */,
			);
			name = KPIHubIOSUITests;
			productName = KPIHubIOSUITests;
			productReference = 5F97B3D5283677C600350368 /* KPIHubIOSUITests.xctest */;
			productType = "com.apple.product-type.bundle.ui-testing";
		};
/* End PBXNativeTarget section */

/* Begin PBXProject section */
		5F97B3B3283677C200350368 /* Project object */ = {
			isa = PBXProject;
			attributes = {
				BuildIndependentTargetsInParallel = 1;
				LastSwiftUpdateCheck = 1330;
				LastUpgradeCheck = 1330;
				TargetAttributes = {
					5F97B3BA283677C200350368 = {
						CreatedOnToolsVersion = 13.3.1;
					};
					5F97B3CA283677C600350368 = {
						CreatedOnToolsVersion = 13.3.1;
						TestTargetID = 5F97B3BA283677C200350368;
					};
					5F97B3D4283677C600350368 = {
						CreatedOnToolsVersion = 13.3.1;
						TestTargetID = 5F97B3BA283677C200350368;
					};
				};
			};
			buildConfigurationList = 5F97B3B6283677C200350368 /* Build configuration list for PBXProject "KPIHubIOS" */;
			compatibilityVersion = "Xcode 13.0";
			developmentRegion = en;
			hasScannedForEncodings = 0;
			knownRegions = (
				en,
				Base,
			);
			mainGroup = 5F97B3B2283677C200350368;
			packageReferences = (
				5F137EAC28439EA100514263 /* XCRemoteSwiftPackageReference "swift-composable-architecture" */,
				5F137EAF28439EC800514263 /* XCRemoteSwiftPackageReference "TCACoordinators" */,
				5F137EB228439F2400514263 /* XCRemoteSwiftPackageReference "SwiftUI-Introspect" */,
			);
			productRefGroup = 5F97B3BC283677C200350368 /* Products */;
			projectDirPath = "";
			projectRoot = "";
			targets = (
				5F97B3BA283677C200350368 /* KPIHubIOS */,
				5F97B3CA283677C600350368 /* KPIHubIOSTests */,
				5F97B3D4283677C600350368 /* KPIHubIOSUITests */,
			);
		};
/* End PBXProject section */

/* Begin PBXResourcesBuildPhase section */
		5F97B3B9283677C200350368 /* Resources */ = {
			isa = PBXResourcesBuildPhase;
			buildActionMask = 2147483647;
			files = (
				5F97B3C6283677C500350368 /* Preview Assets.xcassets in Resources */,
				5F97B3C3283677C500350368 /* Assets.xcassets in Resources */,
			);
			runOnlyForDeploymentPostprocessing = 0;
		};
		5F97B3C9283677C600350368 /* Resources */ = {
			isa = PBXResourcesBuildPhase;
			buildActionMask = 2147483647;
			files = (
			);
			runOnlyForDeploymentPostprocessing = 0;
		};
		5F97B3D3283677C600350368 /* Resources */ = {
			isa = PBXResourcesBuildPhase;
			buildActionMask = 2147483647;
			files = (
			);
			runOnlyForDeploymentPostprocessing = 0;
		};
/* End PBXResourcesBuildPhase section */

/* Begin PBXShellScriptBuildPhase section */
		2A24D6DD85E65B11638838B1 /* [CP] Check Pods Manifest.lock */ = {
			isa = PBXShellScriptBuildPhase;
			buildActionMask = 2147483647;
			files = (
			);
			inputFileListPaths = (
			);
			inputPaths = (
				"${PODS_PODFILE_DIR_PATH}/Podfile.lock",
				"${PODS_ROOT}/Manifest.lock",
			);
			name = "[CP] Check Pods Manifest.lock";
			outputFileListPaths = (
			);
			outputPaths = (
				"$(DERIVED_FILE_DIR)/Pods-KPIHubIOS-checkManifestLockResult.txt",
			);
			runOnlyForDeploymentPostprocessing = 0;
			shellPath = /bin/sh;
			shellScript = "diff \"${PODS_PODFILE_DIR_PATH}/Podfile.lock\" \"${PODS_ROOT}/Manifest.lock\" > /dev/null\nif [ $? != 0 ] ; then\n    # print error to STDERR\n    echo \"error: The sandbox is not in sync with the Podfile.lock. Run 'pod install' or update your CocoaPods installation.\" >&2\n    exit 1\nfi\n# This output is used by Xcode 'outputs' to avoid re-running this script phase.\necho \"SUCCESS\" > \"${SCRIPT_OUTPUT_FILE_0}\"\n";
			showEnvVarsInLog = 0;
		};
		5F137EB92843A21400514263 /* SwiftLint */ = {
			isa = PBXShellScriptBuildPhase;
			buildActionMask = 2147483647;
			files = (
			);
			inputFileListPaths = (
			);
			inputPaths = (
			);
			name = SwiftLint;
			outputFileListPaths = (
			);
			outputPaths = (
			);
			runOnlyForDeploymentPostprocessing = 0;
			shellPath = /bin/sh;
			shellScript = "# Type a script or drag a script file from your workspace to insert its path.\n${PODS_ROOT}/SwiftLint/swiftlint\n";
		};
		C986416300F40B0613E6DBA2 /* [CP] Check Pods Manifest.lock */ = {
			isa = PBXShellScriptBuildPhase;
			buildActionMask = 2147483647;
			files = (
			);
			inputFileListPaths = (
			);
			inputPaths = (
				"${PODS_PODFILE_DIR_PATH}/Podfile.lock",
				"${PODS_ROOT}/Manifest.lock",
			);
			name = "[CP] Check Pods Manifest.lock";
			outputFileListPaths = (
			);
			outputPaths = (
				"$(DERIVED_FILE_DIR)/Pods-KPIHubIOS-KPIHubIOSUITests-checkManifestLockResult.txt",
			);
			runOnlyForDeploymentPostprocessing = 0;
			shellPath = /bin/sh;
			shellScript = "diff \"${PODS_PODFILE_DIR_PATH}/Podfile.lock\" \"${PODS_ROOT}/Manifest.lock\" > /dev/null\nif [ $? != 0 ] ; then\n    # print error to STDERR\n    echo \"error: The sandbox is not in sync with the Podfile.lock. Run 'pod install' or update your CocoaPods installation.\" >&2\n    exit 1\nfi\n# This output is used by Xcode 'outputs' to avoid re-running this script phase.\necho \"SUCCESS\" > \"${SCRIPT_OUTPUT_FILE_0}\"\n";
			showEnvVarsInLog = 0;
		};
		D5D087D1083A76E61092BBB5 /* [CP] Check Pods Manifest.lock */ = {
			isa = PBXShellScriptBuildPhase;
			buildActionMask = 2147483647;
			files = (
			);
			inputFileListPaths = (
			);
			inputPaths = (
				"${PODS_PODFILE_DIR_PATH}/Podfile.lock",
				"${PODS_ROOT}/Manifest.lock",
			);
			name = "[CP] Check Pods Manifest.lock";
			outputFileListPaths = (
			);
			outputPaths = (
				"$(DERIVED_FILE_DIR)/Pods-KPIHubIOSTests-checkManifestLockResult.txt",
			);
			runOnlyForDeploymentPostprocessing = 0;
			shellPath = /bin/sh;
			shellScript = "diff \"${PODS_PODFILE_DIR_PATH}/Podfile.lock\" \"${PODS_ROOT}/Manifest.lock\" > /dev/null\nif [ $? != 0 ] ; then\n    # print error to STDERR\n    echo \"error: The sandbox is not in sync with the Podfile.lock. Run 'pod install' or update your CocoaPods installation.\" >&2\n    exit 1\nfi\n# This output is used by Xcode 'outputs' to avoid re-running this script phase.\necho \"SUCCESS\" > \"${SCRIPT_OUTPUT_FILE_0}\"\n";
			showEnvVarsInLog = 0;
		};
/* End PBXShellScriptBuildPhase section */

/* Begin PBXSourcesBuildPhase section */
		5F97B3B7283677C200350368 /* Sources */ = {
			isa = PBXSourcesBuildPhase;
			buildActionMask = 2147483647;
			files = (
				5F137ECD2843A3C500514263 /* LoginStore.swift in Sources */,
				5F137F0428440E7400514263 /* LessonDetailsView.swift in Sources */,
				5F137F0228440E6D00514263 /* LessonDetailsStore.swift in Sources */,
				5F137ED62843A6FF00514263 /* GroupPickerStore.swift in Sources */,
				5F137EC42843A36200514263 /* AppView.swift in Sources */,
				5F137EEB284407CE00514263 /* RozkladScreenProvider.swift in Sources */,
				5F137EF428440A1100514263 /* CampusStore.swift in Sources */,
				5F137EDB2843A85600514263 /* GroupResponse.swift in Sources */,
				5F137EF828440A1E00514263 /* ProfileStore.swift in Sources */,
				5F137EF0284409F900514263 /* RozkladStore.swift in Sources */,
				5F137EF628440A1700514263 /* CampusView.swift in Sources */,
				5F137EC82843A37100514263 /* AppDelegateStore.swift in Sources */,
				5F137ED32843A3E200514263 /* MainView.swift in Sources */,
				5F137EC22843A35D00514263 /* AppStore.swift in Sources */,
				5F137EDD2843A87700514263 /* Group.swift in Sources */,
				5F137EE62844022800514263 /* Loader.swift in Sources */,
				5F137EFA28440A2400514263 /* ProfileView.swift in Sources */,
				5F137EE02843B26500514263 /* OnboardingStore.swift in Sources */,
				5F137ED82843A70600514263 /* GroupPickerView.swift in Sources */,
				5F137EE9284403F200514263 /* Loadable.swift in Sources */,
				5F137EFD28440DF500514263 /* GroupLessonsStore.swift in Sources */,
				5F97B3C1283677C200350368 /* ContentView.swift in Sources */,
				5F137ED12843A3D500514263 /* MainStore.swift in Sources */,
				5F137EF228440A0900514263 /* RozkladCoordinatorView.swift in Sources */,
				5F137EE42843B3F800514263 /* LoginScreenProvider.swift in Sources */,
				5F137EC62843A36C00514263 /* AppDelegate.swift in Sources */,
				5F137EFF28440DFD00514263 /* GroupLessonsView.swift in Sources */,
				5F137EE22843B26D00514263 /* OnboardingView.swift in Sources */,
				5F137ECF2843A3CA00514263 /* LoginView.swift in Sources */,
				5F97B3BF283677C200350368 /* KPIHubIOSApp.swift in Sources */,
			);
			runOnlyForDeploymentPostprocessing = 0;
		};
		5F97B3C7283677C600350368 /* Sources */ = {
			isa = PBXSourcesBuildPhase;
			buildActionMask = 2147483647;
			files = (
				5F97B3D0283677C600350368 /* KPIHubIOSTests.swift in Sources */,
			);
			runOnlyForDeploymentPostprocessing = 0;
		};
		5F97B3D1283677C600350368 /* Sources */ = {
			isa = PBXSourcesBuildPhase;
			buildActionMask = 2147483647;
			files = (
				5F97B3DA283677C600350368 /* KPIHubIOSUITests.swift in Sources */,
				5F97B3DC283677C600350368 /* KPIHubIOSUITestsLaunchTests.swift in Sources */,
			);
			runOnlyForDeploymentPostprocessing = 0;
		};
/* End PBXSourcesBuildPhase section */

/* Begin PBXTargetDependency section */
		5F97B3CD283677C600350368 /* PBXTargetDependency */ = {
			isa = PBXTargetDependency;
			target = 5F97B3BA283677C200350368 /* KPIHubIOS */;
			targetProxy = 5F97B3CC283677C600350368 /* PBXContainerItemProxy */;
		};
		5F97B3D7283677C600350368 /* PBXTargetDependency */ = {
			isa = PBXTargetDependency;
			target = 5F97B3BA283677C200350368 /* KPIHubIOS */;
			targetProxy = 5F97B3D6283677C600350368 /* PBXContainerItemProxy */;
		};
/* End PBXTargetDependency section */

/* Begin XCBuildConfiguration section */
		5F97B3DD283677C600350368 /* Debug */ = {
			isa = XCBuildConfiguration;
			buildSettings = {
				ALWAYS_SEARCH_USER_PATHS = NO;
				CLANG_ANALYZER_NONNULL = YES;
				CLANG_ANALYZER_NUMBER_OBJECT_CONVERSION = YES_AGGRESSIVE;
				CLANG_CXX_LANGUAGE_STANDARD = "gnu++17";
				CLANG_ENABLE_MODULES = YES;
				CLANG_ENABLE_OBJC_ARC = YES;
				CLANG_ENABLE_OBJC_WEAK = YES;
				CLANG_WARN_BLOCK_CAPTURE_AUTORELEASING = YES;
				CLANG_WARN_BOOL_CONVERSION = YES;
				CLANG_WARN_COMMA = YES;
				CLANG_WARN_CONSTANT_CONVERSION = YES;
				CLANG_WARN_DEPRECATED_OBJC_IMPLEMENTATIONS = YES;
				CLANG_WARN_DIRECT_OBJC_ISA_USAGE = YES_ERROR;
				CLANG_WARN_DOCUMENTATION_COMMENTS = YES;
				CLANG_WARN_EMPTY_BODY = YES;
				CLANG_WARN_ENUM_CONVERSION = YES;
				CLANG_WARN_INFINITE_RECURSION = YES;
				CLANG_WARN_INT_CONVERSION = YES;
				CLANG_WARN_NON_LITERAL_NULL_CONVERSION = YES;
				CLANG_WARN_OBJC_IMPLICIT_RETAIN_SELF = YES;
				CLANG_WARN_OBJC_LITERAL_CONVERSION = YES;
				CLANG_WARN_OBJC_ROOT_CLASS = YES_ERROR;
				CLANG_WARN_QUOTED_INCLUDE_IN_FRAMEWORK_HEADER = YES;
				CLANG_WARN_RANGE_LOOP_ANALYSIS = YES;
				CLANG_WARN_STRICT_PROTOTYPES = YES;
				CLANG_WARN_SUSPICIOUS_MOVE = YES;
				CLANG_WARN_UNGUARDED_AVAILABILITY = YES_AGGRESSIVE;
				CLANG_WARN_UNREACHABLE_CODE = YES;
				CLANG_WARN__DUPLICATE_METHOD_MATCH = YES;
				COPY_PHASE_STRIP = NO;
				DEBUG_INFORMATION_FORMAT = dwarf;
				ENABLE_STRICT_OBJC_MSGSEND = YES;
				ENABLE_TESTABILITY = YES;
				GCC_C_LANGUAGE_STANDARD = gnu11;
				GCC_DYNAMIC_NO_PIC = NO;
				GCC_NO_COMMON_BLOCKS = YES;
				GCC_OPTIMIZATION_LEVEL = 0;
				GCC_PREPROCESSOR_DEFINITIONS = (
					"DEBUG=1",
					"$(inherited)",
				);
				GCC_WARN_64_TO_32_BIT_CONVERSION = YES;
				GCC_WARN_ABOUT_RETURN_TYPE = YES_ERROR;
				GCC_WARN_UNDECLARED_SELECTOR = YES;
				GCC_WARN_UNINITIALIZED_AUTOS = YES_AGGRESSIVE;
				GCC_WARN_UNUSED_FUNCTION = YES;
				GCC_WARN_UNUSED_VARIABLE = YES;
				IPHONEOS_DEPLOYMENT_TARGET = 15.4;
				MTL_ENABLE_DEBUG_INFO = INCLUDE_SOURCE;
				MTL_FAST_MATH = YES;
				ONLY_ACTIVE_ARCH = YES;
				SDKROOT = iphoneos;
				SWIFT_ACTIVE_COMPILATION_CONDITIONS = DEBUG;
				SWIFT_OPTIMIZATION_LEVEL = "-Onone";
			};
			name = Debug;
		};
		5F97B3DE283677C600350368 /* Release */ = {
			isa = XCBuildConfiguration;
			buildSettings = {
				ALWAYS_SEARCH_USER_PATHS = NO;
				CLANG_ANALYZER_NONNULL = YES;
				CLANG_ANALYZER_NUMBER_OBJECT_CONVERSION = YES_AGGRESSIVE;
				CLANG_CXX_LANGUAGE_STANDARD = "gnu++17";
				CLANG_ENABLE_MODULES = YES;
				CLANG_ENABLE_OBJC_ARC = YES;
				CLANG_ENABLE_OBJC_WEAK = YES;
				CLANG_WARN_BLOCK_CAPTURE_AUTORELEASING = YES;
				CLANG_WARN_BOOL_CONVERSION = YES;
				CLANG_WARN_COMMA = YES;
				CLANG_WARN_CONSTANT_CONVERSION = YES;
				CLANG_WARN_DEPRECATED_OBJC_IMPLEMENTATIONS = YES;
				CLANG_WARN_DIRECT_OBJC_ISA_USAGE = YES_ERROR;
				CLANG_WARN_DOCUMENTATION_COMMENTS = YES;
				CLANG_WARN_EMPTY_BODY = YES;
				CLANG_WARN_ENUM_CONVERSION = YES;
				CLANG_WARN_INFINITE_RECURSION = YES;
				CLANG_WARN_INT_CONVERSION = YES;
				CLANG_WARN_NON_LITERAL_NULL_CONVERSION = YES;
				CLANG_WARN_OBJC_IMPLICIT_RETAIN_SELF = YES;
				CLANG_WARN_OBJC_LITERAL_CONVERSION = YES;
				CLANG_WARN_OBJC_ROOT_CLASS = YES_ERROR;
				CLANG_WARN_QUOTED_INCLUDE_IN_FRAMEWORK_HEADER = YES;
				CLANG_WARN_RANGE_LOOP_ANALYSIS = YES;
				CLANG_WARN_STRICT_PROTOTYPES = YES;
				CLANG_WARN_SUSPICIOUS_MOVE = YES;
				CLANG_WARN_UNGUARDED_AVAILABILITY = YES_AGGRESSIVE;
				CLANG_WARN_UNREACHABLE_CODE = YES;
				CLANG_WARN__DUPLICATE_METHOD_MATCH = YES;
				COPY_PHASE_STRIP = NO;
				DEBUG_INFORMATION_FORMAT = "dwarf-with-dsym";
				ENABLE_NS_ASSERTIONS = NO;
				ENABLE_STRICT_OBJC_MSGSEND = YES;
				GCC_C_LANGUAGE_STANDARD = gnu11;
				GCC_NO_COMMON_BLOCKS = YES;
				GCC_WARN_64_TO_32_BIT_CONVERSION = YES;
				GCC_WARN_ABOUT_RETURN_TYPE = YES_ERROR;
				GCC_WARN_UNDECLARED_SELECTOR = YES;
				GCC_WARN_UNINITIALIZED_AUTOS = YES_AGGRESSIVE;
				GCC_WARN_UNUSED_FUNCTION = YES;
				GCC_WARN_UNUSED_VARIABLE = YES;
				IPHONEOS_DEPLOYMENT_TARGET = 15.4;
				MTL_ENABLE_DEBUG_INFO = NO;
				MTL_FAST_MATH = YES;
				SDKROOT = iphoneos;
				SWIFT_COMPILATION_MODE = wholemodule;
				SWIFT_OPTIMIZATION_LEVEL = "-O";
				VALIDATE_PRODUCT = YES;
			};
			name = Release;
		};
		5F97B3E0283677C600350368 /* Debug */ = {
			isa = XCBuildConfiguration;
			baseConfigurationReference = 40953FA08C1C9B33D4F99904 /* Pods-KPIHubIOS.debug.xcconfig */;
			buildSettings = {
				ASSETCATALOG_COMPILER_APPICON_NAME = AppIcon;
				ASSETCATALOG_COMPILER_GLOBAL_ACCENT_COLOR_NAME = AccentColor;
				CODE_SIGN_STYLE = Automatic;
				CURRENT_PROJECT_VERSION = 1;
				DEVELOPMENT_ASSET_PATHS = "\"KPIHubIOS/Preview Content\"";
				DEVELOPMENT_TEAM = M92VXVU7J9;
				ENABLE_PREVIEWS = YES;
				GENERATE_INFOPLIST_FILE = YES;
				INFOPLIST_FILE = KPIHubIOS/Info.plist;
				INFOPLIST_KEY_UIApplicationSceneManifest_Generation = YES;
				INFOPLIST_KEY_UIApplicationSupportsIndirectInputEvents = YES;
				INFOPLIST_KEY_UILaunchScreen_Generation = YES;
				INFOPLIST_KEY_UISupportedInterfaceOrientations_iPad = "UIInterfaceOrientationPortrait UIInterfaceOrientationPortraitUpsideDown UIInterfaceOrientationLandscapeLeft UIInterfaceOrientationLandscapeRight";
				INFOPLIST_KEY_UISupportedInterfaceOrientations_iPhone = "UIInterfaceOrientationPortrait UIInterfaceOrientationLandscapeLeft UIInterfaceOrientationLandscapeRight";
				LD_RUNPATH_SEARCH_PATHS = (
					"$(inherited)",
					"@executable_path/Frameworks",
				);
				MARKETING_VERSION = 1.0;
				PRODUCT_BUNDLE_IDENTIFIER = com.ddanilyuk.KPIHubIOS;
				PRODUCT_NAME = "$(TARGET_NAME)";
				SWIFT_EMIT_LOC_STRINGS = YES;
				SWIFT_VERSION = 5.0;
				TARGETED_DEVICE_FAMILY = "1,2";
			};
			name = Debug;
		};
		5F97B3E1283677C600350368 /* Release */ = {
			isa = XCBuildConfiguration;
			baseConfigurationReference = 0E79D57E3A9FD150CCC41A04 /* Pods-KPIHubIOS.release.xcconfig */;
			buildSettings = {
				ASSETCATALOG_COMPILER_APPICON_NAME = AppIcon;
				ASSETCATALOG_COMPILER_GLOBAL_ACCENT_COLOR_NAME = AccentColor;
				CODE_SIGN_STYLE = Automatic;
				CURRENT_PROJECT_VERSION = 1;
				DEVELOPMENT_ASSET_PATHS = "\"KPIHubIOS/Preview Content\"";
				DEVELOPMENT_TEAM = M92VXVU7J9;
				ENABLE_PREVIEWS = YES;
				GENERATE_INFOPLIST_FILE = YES;
				INFOPLIST_FILE = KPIHubIOS/Info.plist;
				INFOPLIST_KEY_UIApplicationSceneManifest_Generation = YES;
				INFOPLIST_KEY_UIApplicationSupportsIndirectInputEvents = YES;
				INFOPLIST_KEY_UILaunchScreen_Generation = YES;
				INFOPLIST_KEY_UISupportedInterfaceOrientations_iPad = "UIInterfaceOrientationPortrait UIInterfaceOrientationPortraitUpsideDown UIInterfaceOrientationLandscapeLeft UIInterfaceOrientationLandscapeRight";
				INFOPLIST_KEY_UISupportedInterfaceOrientations_iPhone = "UIInterfaceOrientationPortrait UIInterfaceOrientationLandscapeLeft UIInterfaceOrientationLandscapeRight";
				LD_RUNPATH_SEARCH_PATHS = (
					"$(inherited)",
					"@executable_path/Frameworks",
				);
				MARKETING_VERSION = 1.0;
				PRODUCT_BUNDLE_IDENTIFIER = com.ddanilyuk.KPIHubIOS;
				PRODUCT_NAME = "$(TARGET_NAME)";
				SWIFT_EMIT_LOC_STRINGS = YES;
				SWIFT_VERSION = 5.0;
				TARGETED_DEVICE_FAMILY = "1,2";
			};
			name = Release;
		};
		5F97B3E3283677C600350368 /* Debug */ = {
			isa = XCBuildConfiguration;
			baseConfigurationReference = DE920022D9C94B235B666887 /* Pods-KPIHubIOSTests.debug.xcconfig */;
			buildSettings = {
				ALWAYS_EMBED_SWIFT_STANDARD_LIBRARIES = YES;
				BUNDLE_LOADER = "$(TEST_HOST)";
				CODE_SIGN_STYLE = Automatic;
				CURRENT_PROJECT_VERSION = 1;
				DEVELOPMENT_TEAM = M92VXVU7J9;
				GENERATE_INFOPLIST_FILE = YES;
				IPHONEOS_DEPLOYMENT_TARGET = 15.4;
				MARKETING_VERSION = 1.0;
				PRODUCT_BUNDLE_IDENTIFIER = com.ddanilyuk.KPIHubIOSTests;
				PRODUCT_NAME = "$(TARGET_NAME)";
				SWIFT_EMIT_LOC_STRINGS = NO;
				SWIFT_VERSION = 5.0;
				TARGETED_DEVICE_FAMILY = "1,2";
				TEST_HOST = "$(BUILT_PRODUCTS_DIR)/KPIHubIOS.app/KPIHubIOS";
			};
			name = Debug;
		};
		5F97B3E4283677C600350368 /* Release */ = {
			isa = XCBuildConfiguration;
			baseConfigurationReference = DC9FB22C82EF9CED3A31FBD7 /* Pods-KPIHubIOSTests.release.xcconfig */;
			buildSettings = {
				ALWAYS_EMBED_SWIFT_STANDARD_LIBRARIES = YES;
				BUNDLE_LOADER = "$(TEST_HOST)";
				CODE_SIGN_STYLE = Automatic;
				CURRENT_PROJECT_VERSION = 1;
				DEVELOPMENT_TEAM = M92VXVU7J9;
				GENERATE_INFOPLIST_FILE = YES;
				IPHONEOS_DEPLOYMENT_TARGET = 15.4;
				MARKETING_VERSION = 1.0;
				PRODUCT_BUNDLE_IDENTIFIER = com.ddanilyuk.KPIHubIOSTests;
				PRODUCT_NAME = "$(TARGET_NAME)";
				SWIFT_EMIT_LOC_STRINGS = NO;
				SWIFT_VERSION = 5.0;
				TARGETED_DEVICE_FAMILY = "1,2";
				TEST_HOST = "$(BUILT_PRODUCTS_DIR)/KPIHubIOS.app/KPIHubIOS";
			};
			name = Release;
		};
		5F97B3E6283677C600350368 /* Debug */ = {
			isa = XCBuildConfiguration;
			baseConfigurationReference = E8441509BC2A3EFC0CFBE577 /* Pods-KPIHubIOS-KPIHubIOSUITests.debug.xcconfig */;
			buildSettings = {
				ALWAYS_EMBED_SWIFT_STANDARD_LIBRARIES = YES;
				CODE_SIGN_STYLE = Automatic;
				CURRENT_PROJECT_VERSION = 1;
				DEVELOPMENT_TEAM = M92VXVU7J9;
				GENERATE_INFOPLIST_FILE = YES;
				MARKETING_VERSION = 1.0;
				PRODUCT_BUNDLE_IDENTIFIER = com.ddanilyuk.KPIHubIOSUITests;
				PRODUCT_NAME = "$(TARGET_NAME)";
				SWIFT_EMIT_LOC_STRINGS = NO;
				SWIFT_VERSION = 5.0;
				TARGETED_DEVICE_FAMILY = "1,2";
				TEST_TARGET_NAME = KPIHubIOS;
			};
			name = Debug;
		};
		5F97B3E7283677C600350368 /* Release */ = {
			isa = XCBuildConfiguration;
			baseConfigurationReference = 59000BB251097CFC2D11EF01 /* Pods-KPIHubIOS-KPIHubIOSUITests.release.xcconfig */;
			buildSettings = {
				ALWAYS_EMBED_SWIFT_STANDARD_LIBRARIES = YES;
				CODE_SIGN_STYLE = Automatic;
				CURRENT_PROJECT_VERSION = 1;
				DEVELOPMENT_TEAM = M92VXVU7J9;
				GENERATE_INFOPLIST_FILE = YES;
				MARKETING_VERSION = 1.0;
				PRODUCT_BUNDLE_IDENTIFIER = com.ddanilyuk.KPIHubIOSUITests;
				PRODUCT_NAME = "$(TARGET_NAME)";
				SWIFT_EMIT_LOC_STRINGS = NO;
				SWIFT_VERSION = 5.0;
				TARGETED_DEVICE_FAMILY = "1,2";
				TEST_TARGET_NAME = KPIHubIOS;
			};
			name = Release;
		};
/* End XCBuildConfiguration section */

/* Begin XCConfigurationList section */
		5F97B3B6283677C200350368 /* Build configuration list for PBXProject "KPIHubIOS" */ = {
			isa = XCConfigurationList;
			buildConfigurations = (
				5F97B3DD283677C600350368 /* Debug */,
				5F97B3DE283677C600350368 /* Release */,
			);
			defaultConfigurationIsVisible = 0;
			defaultConfigurationName = Release;
		};
		5F97B3DF283677C600350368 /* Build configuration list for PBXNativeTarget "KPIHubIOS" */ = {
			isa = XCConfigurationList;
			buildConfigurations = (
				5F97B3E0283677C600350368 /* Debug */,
				5F97B3E1283677C600350368 /* Release */,
			);
			defaultConfigurationIsVisible = 0;
			defaultConfigurationName = Release;
		};
		5F97B3E2283677C600350368 /* Build configuration list for PBXNativeTarget "KPIHubIOSTests" */ = {
			isa = XCConfigurationList;
			buildConfigurations = (
				5F97B3E3283677C600350368 /* Debug */,
				5F97B3E4283677C600350368 /* Release */,
			);
			defaultConfigurationIsVisible = 0;
			defaultConfigurationName = Release;
		};
		5F97B3E5283677C600350368 /* Build configuration list for PBXNativeTarget "KPIHubIOSUITests" */ = {
			isa = XCConfigurationList;
			buildConfigurations = (
				5F97B3E6283677C600350368 /* Debug */,
				5F97B3E7283677C600350368 /* Release */,
			);
			defaultConfigurationIsVisible = 0;
			defaultConfigurationName = Release;
		};
/* End XCConfigurationList section */

/* Begin XCRemoteSwiftPackageReference section */
		5F137EAC28439EA100514263 /* XCRemoteSwiftPackageReference "swift-composable-architecture" */ = {
			isa = XCRemoteSwiftPackageReference;
			repositoryURL = "https://github.com/pointfreeco/swift-composable-architecture";
			requirement = {
				kind = upToNextMajorVersion;
				minimumVersion = 0.35.0;
			};
		};
		5F137EAF28439EC800514263 /* XCRemoteSwiftPackageReference "TCACoordinators" */ = {
			isa = XCRemoteSwiftPackageReference;
			repositoryURL = "https://github.com/johnpatrickmorgan/TCACoordinators";
			requirement = {
				kind = upToNextMajorVersion;
				minimumVersion = 0.1.2;
			};
		};
		5F137EB228439F2400514263 /* XCRemoteSwiftPackageReference "SwiftUI-Introspect" */ = {
			isa = XCRemoteSwiftPackageReference;
			repositoryURL = "https://github.com/siteline/SwiftUI-Introspect.git";
			requirement = {
				kind = upToNextMajorVersion;
				minimumVersion = 0.1.4;
			};
		};
/* End XCRemoteSwiftPackageReference section */

/* Begin XCSwiftPackageProductDependency section */
		5F137EAD28439EA100514263 /* ComposableArchitecture */ = {
			isa = XCSwiftPackageProductDependency;
			package = 5F137EAC28439EA100514263 /* XCRemoteSwiftPackageReference "swift-composable-architecture" */;
			productName = ComposableArchitecture;
		};
		5F137EB028439EC800514263 /* TCACoordinators */ = {
			isa = XCSwiftPackageProductDependency;
			package = 5F137EAF28439EC800514263 /* XCRemoteSwiftPackageReference "TCACoordinators" */;
			productName = TCACoordinators;
		};
		5F137EB328439F2400514263 /* Introspect */ = {
			isa = XCSwiftPackageProductDependency;
			package = 5F137EB228439F2400514263 /* XCRemoteSwiftPackageReference "SwiftUI-Introspect" */;
			productName = Introspect;
		};
		5FD570B4283680DA00D8E869 /* Routes */ = {
			isa = XCSwiftPackageProductDependency;
			productName = Routes;
		};
/* End XCSwiftPackageProductDependency section */
	};
	rootObject = 5F97B3B3283677C200350368 /* Project object */;
}
