// !$*UTF8*$!
{
	archiveVersion = 1;
	classes = {
	};
	objectVersion = 60;
	objects = {

/* Begin PBXBuildFile section */
		5F97B3BF283677C200350368 /* KPIHubIOSApp.swift in Sources */ = {isa = PBXBuildFile; fileRef = 5F97B3BE283677C200350368 /* KPIHubIOSApp.swift */; };
		5F97B3C3283677C500350368 /* Assets.xcassets in Resources */ = {isa = PBXBuildFile; fileRef = 5F97B3C2283677C500350368 /* Assets.xcassets */; };
		5F97B3C6283677C500350368 /* Preview Assets.xcassets in Resources */ = {isa = PBXBuildFile; fileRef = 5F97B3C5283677C500350368 /* Preview Assets.xcassets */; };
		5F97B3D0283677C600350368 /* ProfileTests.swift in Sources */ = {isa = PBXBuildFile; fileRef = 5F97B3CF283677C600350368 /* ProfileTests.swift */; };
		5F97B3DA283677C600350368 /* KPIHubIOSUITests.swift in Sources */ = {isa = PBXBuildFile; fileRef = 5F97B3D9283677C600350368 /* KPIHubIOSUITests.swift */; };
		5F97B3DC283677C600350368 /* KPIHubIOSUITestsLaunchTests.swift in Sources */ = {isa = PBXBuildFile; fileRef = 5F97B3DB283677C600350368 /* KPIHubIOSUITestsLaunchTests.swift */; };
		DB13DC892B2A4D1400D37202 /* Common in Frameworks */ = {isa = PBXBuildFile; productRef = DB13DC882B2A4D1400D37202 /* Common */; };
		DB3284E02ADB27B900A8AE26 /* ForDevelopersTests.swift in Sources */ = {isa = PBXBuildFile; fileRef = DB3284DF2ADB27B900A8AE26 /* ForDevelopersTests.swift */; };
		DB3284FD2ADB2D2B00A8AE26 /* __Snapshots__ in Resources */ = {isa = PBXBuildFile; fileRef = DB3284FC2ADB2D2B00A8AE26 /* __Snapshots__ */; };
		DB3284FF2ADB2FE800A8AE26 /* SnapshotHelpers.swift in Sources */ = {isa = PBXBuildFile; fileRef = DB3284FE2ADB2FE800A8AE26 /* SnapshotHelpers.swift */; };
		DB5BBD062ABCDD39003DFCE4 /* SnapshotTesting in Frameworks */ = {isa = PBXBuildFile; productRef = DB5BBD052ABCDD39003DFCE4 /* SnapshotTesting */; };
		DB9A2C002B2CECF1002B2AC8 /* GoogleService-Info.plist in Resources */ = {isa = PBXBuildFile; fileRef = DB9A2BFF2B2CECF1002B2AC8 /* GoogleService-Info.plist */; };
/* End PBXBuildFile section */

/* Begin PBXContainerItemProxy section */
		5F97B3CC283677C600350368 /* PBXContainerItemProxy */ = {
			isa = PBXContainerItemProxy;
			containerPortal = 5F97B3B3283677C200350368 /* Project object */;
			proxyType = 1;
			remoteGlobalIDString = 5F97B3BA283677C200350368;
			remoteInfo = KPIHubIOS;
		};
		5F97B3D6283677C600350368 /* PBXContainerItemProxy */ = {
			isa = PBXContainerItemProxy;
			containerPortal = 5F97B3B3283677C200350368 /* Project object */;
			proxyType = 1;
			remoteGlobalIDString = 5F97B3BA283677C200350368;
			remoteInfo = KPIHubIOS;
		};
/* End PBXContainerItemProxy section */

/* Begin PBXFileReference section */
		5F97B3BB283677C200350368 /* KPIHubIOS.app */ = {isa = PBXFileReference; explicitFileType = wrapper.application; includeInIndex = 0; path = KPIHubIOS.app; sourceTree = BUILT_PRODUCTS_DIR; };
		5F97B3BE283677C200350368 /* KPIHubIOSApp.swift */ = {isa = PBXFileReference; lastKnownFileType = sourcecode.swift; path = KPIHubIOSApp.swift; sourceTree = "<group>"; };
		5F97B3C2283677C500350368 /* Assets.xcassets */ = {isa = PBXFileReference; lastKnownFileType = folder.assetcatalog; path = Assets.xcassets; sourceTree = "<group>"; };
		5F97B3C5283677C500350368 /* Preview Assets.xcassets */ = {isa = PBXFileReference; lastKnownFileType = folder.assetcatalog; path = "Preview Assets.xcassets"; sourceTree = "<group>"; };
		5F97B3CB283677C600350368 /* KPIHubIOSTests.xctest */ = {isa = PBXFileReference; explicitFileType = wrapper.cfbundle; includeInIndex = 0; path = KPIHubIOSTests.xctest; sourceTree = BUILT_PRODUCTS_DIR; };
		5F97B3CF283677C600350368 /* ProfileTests.swift */ = {isa = PBXFileReference; lastKnownFileType = sourcecode.swift; path = ProfileTests.swift; sourceTree = "<group>"; };
		5F97B3D5283677C600350368 /* KPIHubIOSUITests.xctest */ = {isa = PBXFileReference; explicitFileType = wrapper.cfbundle; includeInIndex = 0; path = KPIHubIOSUITests.xctest; sourceTree = BUILT_PRODUCTS_DIR; };
		5F97B3D9283677C600350368 /* KPIHubIOSUITests.swift */ = {isa = PBXFileReference; lastKnownFileType = sourcecode.swift; path = KPIHubIOSUITests.swift; sourceTree = "<group>"; };
		5F97B3DB283677C600350368 /* KPIHubIOSUITestsLaunchTests.swift */ = {isa = PBXFileReference; lastKnownFileType = sourcecode.swift; path = KPIHubIOSUITestsLaunchTests.swift; sourceTree = "<group>"; };
		5FD570B3283680D200D8E869 /* Info.plist */ = {isa = PBXFileReference; lastKnownFileType = text.plist; path = Info.plist; sourceTree = "<group>"; };
		DB3284CF2ADAFAC200A8AE26 /* ci_post_clone.sh */ = {isa = PBXFileReference; lastKnownFileType = text.script.sh; path = ci_post_clone.sh; sourceTree = "<group>"; };
		DB3284D02ADAFBC400A8AE26 /* KPIHubIOS-Staging.xctestplan */ = {isa = PBXFileReference; lastKnownFileType = text; path = "KPIHubIOS-Staging.xctestplan"; sourceTree = "<group>"; };
		DB3284DF2ADB27B900A8AE26 /* ForDevelopersTests.swift */ = {isa = PBXFileReference; lastKnownFileType = sourcecode.swift; path = ForDevelopersTests.swift; sourceTree = "<group>"; };
		DB3284FC2ADB2D2B00A8AE26 /* __Snapshots__ */ = {isa = PBXFileReference; lastKnownFileType = folder; path = __Snapshots__; sourceTree = "<group>"; };
		DB3284FE2ADB2FE800A8AE26 /* SnapshotHelpers.swift */ = {isa = PBXFileReference; lastKnownFileType = sourcecode.swift; path = SnapshotHelpers.swift; sourceTree = "<group>"; };
		DB9A2BFA2B2CECC6002B2AC8 /* Development.xcconfig */ = {isa = PBXFileReference; lastKnownFileType = text.xcconfig; path = Development.xcconfig; sourceTree = "<group>"; };
		DB9A2BFB2B2CECC6002B2AC8 /* Production.xcconfig */ = {isa = PBXFileReference; lastKnownFileType = text.xcconfig; path = Production.xcconfig; sourceTree = "<group>"; };
		DB9A2BFF2B2CECF1002B2AC8 /* GoogleService-Info.plist */ = {isa = PBXFileReference; fileEncoding = 4; lastKnownFileType = text.plist.xml; path = "GoogleService-Info.plist"; sourceTree = "<group>"; };
		DBCD85512B2A4C55001A8E22 /* KPIHubKit */ = {isa = PBXFileReference; lastKnownFileType = wrapper; path = KPIHubKit; sourceTree = "<group>"; };
/* End PBXFileReference section */

/* Begin PBXFrameworksBuildPhase section */
		5F97B3B8283677C200350368 /* Frameworks */ = {
			isa = PBXFrameworksBuildPhase;
			buildActionMask = 2147483647;
			files = (
				DB13DC892B2A4D1400D37202 /* Common in Frameworks */,
			);
			runOnlyForDeploymentPostprocessing = 0;
		};
		5F97B3C8283677C600350368 /* Frameworks */ = {
			isa = PBXFrameworksBuildPhase;
			buildActionMask = 2147483647;
			files = (
				DB5BBD062ABCDD39003DFCE4 /* SnapshotTesting in Frameworks */,
			);
			runOnlyForDeploymentPostprocessing = 0;
		};
		5F97B3D2283677C600350368 /* Frameworks */ = {
			isa = PBXFrameworksBuildPhase;
			buildActionMask = 2147483647;
			files = (
			);
			runOnlyForDeploymentPostprocessing = 0;
		};
/* End PBXFrameworksBuildPhase section */

/* Begin PBXGroup section */
		5F97B3B2283677C200350368 = {
			isa = PBXGroup;
			children = (
				DBCD85512B2A4C55001A8E22 /* KPIHubKit */,
				5F97B3BD283677C200350368 /* KPIHubIOS */,
				5F97B3CE283677C600350368 /* KPIHubIOSTests */,
				5F97B3D8283677C600350368 /* KPIHubIOSUITests */,
				DB3284D02ADAFBC400A8AE26 /* KPIHubIOS-Staging.xctestplan */,
				DB3284CE2ADAFAC200A8AE26 /* ci_scripts */,
				5F97B3BC283677C200350368 /* Products */,
				DB13DC872B2A4D1400D37202 /* Frameworks */,
			);
			sourceTree = "<group>";
		};
		5F97B3BC283677C200350368 /* Products */ = {
			isa = PBXGroup;
			children = (
				5F97B3BB283677C200350368 /* KPIHubIOS.app */,
				5F97B3CB283677C600350368 /* KPIHubIOSTests.xctest */,
				5F97B3D5283677C600350368 /* KPIHubIOSUITests.xctest */,
			);
			name = Products;
			sourceTree = "<group>";
		};
		5F97B3BD283677C200350368 /* KPIHubIOS */ = {
			isa = PBXGroup;
			children = (
				DB9A2BFE2B2CECF1002B2AC8 /* Firebase */,
				DB9A2BF92B2CECC6002B2AC8 /* AppConfigs */,
				5F97B3BE283677C200350368 /* KPIHubIOSApp.swift */,
				5F97B3C4283677C500350368 /* Preview Content */,
				5F97B3C2283677C500350368 /* Assets.xcassets */,
				5FD570B3283680D200D8E869 /* Info.plist */,
			);
			path = KPIHubIOS;
			sourceTree = "<group>";
		};
		5F97B3C4283677C500350368 /* Preview Content */ = {
			isa = PBXGroup;
			children = (
				5F97B3C5283677C500350368 /* Preview Assets.xcassets */,
			);
			path = "Preview Content";
			sourceTree = "<group>";
		};
		5F97B3CE283677C600350368 /* KPIHubIOSTests */ = {
			isa = PBXGroup;
			children = (
				5F97B3CF283677C600350368 /* ProfileTests.swift */,
				DB3284DF2ADB27B900A8AE26 /* ForDevelopersTests.swift */,
				DB3284FE2ADB2FE800A8AE26 /* SnapshotHelpers.swift */,
				DB3284FC2ADB2D2B00A8AE26 /* __Snapshots__ */,
			);
			path = KPIHubIOSTests;
			sourceTree = "<group>";
		};
		5F97B3D8283677C600350368 /* KPIHubIOSUITests */ = {
			isa = PBXGroup;
			children = (
				5F97B3D9283677C600350368 /* KPIHubIOSUITests.swift */,
				5F97B3DB283677C600350368 /* KPIHubIOSUITestsLaunchTests.swift */,
			);
			path = KPIHubIOSUITests;
			sourceTree = "<group>";
		};
		DB13DC872B2A4D1400D37202 /* Frameworks */ = {
			isa = PBXGroup;
			children = (
			);
			name = Frameworks;
			sourceTree = "<group>";
		};
		DB3284CE2ADAFAC200A8AE26 /* ci_scripts */ = {
			isa = PBXGroup;
			children = (
				DB3284CF2ADAFAC200A8AE26 /* ci_post_clone.sh */,
			);
			path = ci_scripts;
			sourceTree = "<group>";
		};
		DB9A2BF92B2CECC6002B2AC8 /* AppConfigs */ = {
			isa = PBXGroup;
			children = (
				DB9A2BFA2B2CECC6002B2AC8 /* Development.xcconfig */,
				DB9A2BFB2B2CECC6002B2AC8 /* Production.xcconfig */,
			);
			path = AppConfigs;
			sourceTree = "<group>";
		};
		DB9A2BFE2B2CECF1002B2AC8 /* Firebase */ = {
			isa = PBXGroup;
			children = (
				DB9A2BFF2B2CECF1002B2AC8 /* GoogleService-Info.plist */,
			);
			path = Firebase;
			sourceTree = "<group>";
		};
/* End PBXGroup section */

/* Begin PBXNativeTarget section */
		5F97B3BA283677C200350368 /* KPIHubIOS */ = {
			isa = PBXNativeTarget;
			buildConfigurationList = 5F97B3DF283677C600350368 /* Build configuration list for PBXNativeTarget "KPIHubIOS" */;
			buildPhases = (
				5F97B3B7283677C200350368 /* Sources */,
				5F137EB92843A21400514263 /* SwiftLint */,
				5F97B3B8283677C200350368 /* Frameworks */,
				5F97B3B9283677C200350368 /* Resources */,
			);
			buildRules = (
			);
			dependencies = (
			);
			name = KPIHubIOS;
			packageProductDependencies = (
				DB13DC882B2A4D1400D37202 /* Common */,
			);
			productName = KPIHubIOS;
			productReference = 5F97B3BB283677C200350368 /* KPIHubIOS.app */;
			productType = "com.apple.product-type.application";
		};
		5F97B3CA283677C600350368 /* KPIHubIOSTests */ = {
			isa = PBXNativeTarget;
			buildConfigurationList = 5F97B3E2283677C600350368 /* Build configuration list for PBXNativeTarget "KPIHubIOSTests" */;
			buildPhases = (
				5F97B3C7283677C600350368 /* Sources */,
				5F97B3C8283677C600350368 /* Frameworks */,
				5F97B3C9283677C600350368 /* Resources */,
			);
			buildRules = (
			);
			dependencies = (
				5F97B3CD283677C600350368 /* PBXTargetDependency */,
			);
			name = KPIHubIOSTests;
			packageProductDependencies = (
				DB5BBD052ABCDD39003DFCE4 /* SnapshotTesting */,
			);
			productName = KPIHubIOSTests;
			productReference = 5F97B3CB283677C600350368 /* KPIHubIOSTests.xctest */;
			productType = "com.apple.product-type.bundle.unit-test";
		};
		5F97B3D4283677C600350368 /* KPIHubIOSUITests */ = {
			isa = PBXNativeTarget;
			buildConfigurationList = 5F97B3E5283677C600350368 /* Build configuration list for PBXNativeTarget "KPIHubIOSUITests" */;
			buildPhases = (
				5F97B3D1283677C600350368 /* Sources */,
				5F97B3D2283677C600350368 /* Frameworks */,
				5F97B3D3283677C600350368 /* Resources */,
			);
			buildRules = (
			);
			dependencies = (
				5F97B3D7283677C600350368 /* PBXTargetDependency */,
			);
			name = KPIHubIOSUITests;
			productName = KPIHubIOSUITests;
			productReference = 5F97B3D5283677C600350368 /* KPIHubIOSUITests.xctest */;
			productType = "com.apple.product-type.bundle.ui-testing";
		};
/* End PBXNativeTarget section */

/* Begin PBXProject section */
		5F97B3B3283677C200350368 /* Project object */ = {
			isa = PBXProject;
			attributes = {
				BuildIndependentTargetsInParallel = 1;
				LastSwiftUpdateCheck = 1330;
				LastUpgradeCheck = 1500;
				TargetAttributes = {
					5F97B3BA283677C200350368 = {
						CreatedOnToolsVersion = 13.3.1;
					};
					5F97B3CA283677C600350368 = {
						CreatedOnToolsVersion = 13.3.1;
						TestTargetID = 5F97B3BA283677C200350368;
					};
					5F97B3D4283677C600350368 = {
						CreatedOnToolsVersion = 13.3.1;
						TestTargetID = 5F97B3BA283677C200350368;
					};
				};
			};
			buildConfigurationList = 5F97B3B6283677C200350368 /* Build configuration list for PBXProject "KPIHubIOS" */;
			compatibilityVersion = "Xcode 15.0";
			developmentRegion = uk;
			hasScannedForEncodings = 0;
			knownRegions = (
				en,
				uk,
				Base,
			);
			mainGroup = 5F97B3B2283677C200350368;
			packageReferences = (
				DB5BBD042ABCDD39003DFCE4 /* XCRemoteSwiftPackageReference "swift-snapshot-testing" */,
			);
			productRefGroup = 5F97B3BC283677C200350368 /* Products */;
			projectDirPath = "";
			projectRoot = "";
			targets = (
				5F97B3BA283677C200350368 /* KPIHubIOS */,
				5F97B3CA283677C600350368 /* KPIHubIOSTests */,
				5F97B3D4283677C600350368 /* KPIHubIOSUITests */,
			);
		};
/* End PBXProject section */

/* Begin PBXResourcesBuildPhase section */
		5F97B3B9283677C200350368 /* Resources */ = {
			isa = PBXResourcesBuildPhase;
			buildActionMask = 2147483647;
			files = (
				5F97B3C6283677C500350368 /* Preview Assets.xcassets in Resources */,
				5F97B3C3283677C500350368 /* Assets.xcassets in Resources */,
				DB9A2C002B2CECF1002B2AC8 /* GoogleService-Info.plist in Resources */,
			);
			runOnlyForDeploymentPostprocessing = 0;
		};
		5F97B3C9283677C600350368 /* Resources */ = {
			isa = PBXResourcesBuildPhase;
			buildActionMask = 2147483647;
			files = (
				DB3284FD2ADB2D2B00A8AE26 /* __Snapshots__ in Resources */,
			);
			runOnlyForDeploymentPostprocessing = 0;
		};
		5F97B3D3283677C600350368 /* Resources */ = {
			isa = PBXResourcesBuildPhase;
			buildActionMask = 2147483647;
			files = (
			);
			runOnlyForDeploymentPostprocessing = 0;
		};
/* End PBXResourcesBuildPhase section */

/* Begin PBXShellScriptBuildPhase section */
		5F137EB92843A21400514263 /* SwiftLint */ = {
			isa = PBXShellScriptBuildPhase;
			alwaysOutOfDate = 1;
			buildActionMask = 2147483647;
			files = (
			);
			inputFileListPaths = (
			);
			inputPaths = (
			);
			name = SwiftLint;
			outputFileListPaths = (
			);
			outputPaths = (
			);
			runOnlyForDeploymentPostprocessing = 0;
			shellPath = /bin/sh;
			shellScript = "if [[ \"$(uname -m)\" == arm64 ]]; then\n    export PATH=\"/opt/homebrew/bin:$PATH\"\nfi\n\nif which swiftlint > /dev/null; then\n  swiftlint\nelse\n  echo \"warning: SwiftLint not installed, download from https://github.com/realm/SwiftLint\"\nfi\n";
		};
/* End PBXShellScriptBuildPhase section */

/* Begin PBXSourcesBuildPhase section */
		5F97B3B7283677C200350368 /* Sources */ = {
			isa = PBXSourcesBuildPhase;
			buildActionMask = 2147483647;
			files = (
				5F97B3BF283677C200350368 /* KPIHubIOSApp.swift in Sources */,
			);
			runOnlyForDeploymentPostprocessing = 0;
		};
		5F97B3C7283677C600350368 /* Sources */ = {
			isa = PBXSourcesBuildPhase;
			buildActionMask = 2147483647;
			files = (
				5F97B3D0283677C600350368 /* ProfileTests.swift in Sources */,
				DB3284E02ADB27B900A8AE26 /* ForDevelopersTests.swift in Sources */,
				DB3284FF2ADB2FE800A8AE26 /* SnapshotHelpers.swift in Sources */,
			);
			runOnlyForDeploymentPostprocessing = 0;
		};
		5F97B3D1283677C600350368 /* Sources */ = {
			isa = PBXSourcesBuildPhase;
			buildActionMask = 2147483647;
			files = (
				5F97B3DA283677C600350368 /* KPIHubIOSUITests.swift in Sources */,
				5F97B3DC283677C600350368 /* KPIHubIOSUITestsLaunchTests.swift in Sources */,
			);
			runOnlyForDeploymentPostprocessing = 0;
		};
/* End PBXSourcesBuildPhase section */

/* Begin PBXTargetDependency section */
		5F97B3CD283677C600350368 /* PBXTargetDependency */ = {
			isa = PBXTargetDependency;
			target = 5F97B3BA283677C200350368 /* KPIHubIOS */;
			targetProxy = 5F97B3CC283677C600350368 /* PBXContainerItemProxy */;
		};
		5F97B3D7283677C600350368 /* PBXTargetDependency */ = {
			isa = PBXTargetDependency;
			target = 5F97B3BA283677C200350368 /* KPIHubIOS */;
			targetProxy = 5F97B3D6283677C600350368 /* PBXContainerItemProxy */;
		};
/* End PBXTargetDependency section */

/* Begin XCBuildConfiguration section */
		5F1B200D28708B7B00E1D2A6 /* Debug-Production */ = {
			isa = XCBuildConfiguration;
			buildSettings = {
				ALWAYS_SEARCH_USER_PATHS = NO;
				ASSETCATALOG_COMPILER_APPICON_NAME = "$(KPIHubIOS_APP_ICON)";
				ASSETCATALOG_COMPILER_GENERATE_SWIFT_ASSET_SYMBOL_EXTENSIONS = YES;
				CLANG_ANALYZER_LOCALIZABILITY_NONLOCALIZED = YES;
				CLANG_ANALYZER_NONNULL = YES;
				CLANG_ANALYZER_NUMBER_OBJECT_CONVERSION = YES_AGGRESSIVE;
				CLANG_CXX_LANGUAGE_STANDARD = "gnu++17";
				CLANG_ENABLE_MODULES = YES;
				CLANG_ENABLE_OBJC_ARC = YES;
				CLANG_ENABLE_OBJC_WEAK = YES;
				CLANG_WARN_BLOCK_CAPTURE_AUTORELEASING = YES;
				CLANG_WARN_BOOL_CONVERSION = YES;
				CLANG_WARN_COMMA = YES;
				CLANG_WARN_CONSTANT_CONVERSION = YES;
				CLANG_WARN_DEPRECATED_OBJC_IMPLEMENTATIONS = YES;
				CLANG_WARN_DIRECT_OBJC_ISA_USAGE = YES_ERROR;
				CLANG_WARN_DOCUMENTATION_COMMENTS = YES;
				CLANG_WARN_EMPTY_BODY = YES;
				CLANG_WARN_ENUM_CONVERSION = YES;
				CLANG_WARN_INFINITE_RECURSION = YES;
				CLANG_WARN_INT_CONVERSION = YES;
				CLANG_WARN_NON_LITERAL_NULL_CONVERSION = YES;
				CLANG_WARN_OBJC_IMPLICIT_RETAIN_SELF = YES;
				CLANG_WARN_OBJC_LITERAL_CONVERSION = YES;
				CLANG_WARN_OBJC_ROOT_CLASS = YES_ERROR;
				CLANG_WARN_QUOTED_INCLUDE_IN_FRAMEWORK_HEADER = YES;
				CLANG_WARN_RANGE_LOOP_ANALYSIS = YES;
				CLANG_WARN_STRICT_PROTOTYPES = YES;
				CLANG_WARN_SUSPICIOUS_MOVE = YES;
				CLANG_WARN_UNGUARDED_AVAILABILITY = YES_AGGRESSIVE;
				CLANG_WARN_UNREACHABLE_CODE = YES;
				CLANG_WARN__DUPLICATE_METHOD_MATCH = YES;
				COPY_PHASE_STRIP = NO;
				DEBUG_INFORMATION_FORMAT = dwarf;
				ENABLE_STRICT_OBJC_MSGSEND = YES;
				ENABLE_TESTABILITY = YES;
				ENABLE_USER_SCRIPT_SANDBOXING = NO;
				GCC_C_LANGUAGE_STANDARD = gnu11;
				GCC_DYNAMIC_NO_PIC = NO;
				GCC_NO_COMMON_BLOCKS = YES;
				GCC_OPTIMIZATION_LEVEL = 0;
				GCC_PREPROCESSOR_DEFINITIONS = (
					"DEBUG=1",
					"$(inherited)",
				);
				GCC_WARN_64_TO_32_BIT_CONVERSION = YES;
				GCC_WARN_ABOUT_RETURN_TYPE = YES_ERROR;
				GCC_WARN_UNDECLARED_SELECTOR = YES;
				GCC_WARN_UNINITIALIZED_AUTOS = YES_AGGRESSIVE;
				GCC_WARN_UNUSED_FUNCTION = YES;
				GCC_WARN_UNUSED_VARIABLE = YES;
				INFOPLIST_KEY_CFBundleDisplayName = "$(KPIHubIOS_APP_NAME)";
				IPHONEOS_DEPLOYMENT_TARGET = 17.0;
				MTL_ENABLE_DEBUG_INFO = INCLUDE_SOURCE;
				MTL_FAST_MATH = YES;
				ONLY_ACTIVE_ARCH = YES;
				SDKROOT = iphoneos;
				SWIFT_ACTIVE_COMPILATION_CONDITIONS = DEBUG;
				SWIFT_OPTIMIZATION_LEVEL = "-Onone";
			};
			name = "Debug-Production";
		};
		5F1B200E28708B7B00E1D2A6 /* Debug-Production */ = {
			isa = XCBuildConfiguration;
			buildSettings = {
				ASSETCATALOG_COMPILER_APPICON_NAME = "$(KPIHubIOS_APP_ICON)";
				ASSETCATALOG_COMPILER_GENERATE_SWIFT_ASSET_SYMBOL_EXTENSIONS = YES;
				ASSETCATALOG_COMPILER_GLOBAL_ACCENT_COLOR_NAME = AccentColor;
				CODE_SIGN_STYLE = Automatic;
				CURRENT_PROJECT_VERSION = 1;
				DEVELOPMENT_ASSET_PATHS = "\"KPIHubIOS/Preview Content\"";
				DEVELOPMENT_TEAM = M92VXVU7J9;
				ENABLE_PREVIEWS = YES;
				GENERATE_INFOPLIST_FILE = YES;
				INFOPLIST_FILE = KPIHubIOS/Info.plist;
				INFOPLIST_KEY_CFBundleDisplayName = "KPIHub Dev";
				INFOPLIST_KEY_UIApplicationSceneManifest_Generation = YES;
				INFOPLIST_KEY_UIApplicationSupportsIndirectInputEvents = YES;
				INFOPLIST_KEY_UILaunchScreen_Generation = YES;
				INFOPLIST_KEY_UISupportedInterfaceOrientations = UIInterfaceOrientationPortrait;
				INFOPLIST_KEY_UISupportedInterfaceOrientations_iPad = "UIInterfaceOrientationLandscapeLeft UIInterfaceOrientationLandscapeRight UIInterfaceOrientationPortrait UIInterfaceOrientationPortraitUpsideDown";
				LD_RUNPATH_SEARCH_PATHS = (
					"$(inherited)",
					"@executable_path/Frameworks",
				);
				MARKETING_VERSION = 1.2.1;
				PRODUCT_BUNDLE_IDENTIFIER = com.ddanilyuk.KPIHubIOS;
				PRODUCT_NAME = "$(TARGET_NAME)";
				SWIFT_EMIT_LOC_STRINGS = YES;
				SWIFT_VERSION = 5.0;
				TARGETED_DEVICE_FAMILY = 1;
			};
			name = "Debug-Production";
		};
		5F1B200F28708B7B00E1D2A6 /* Debug-Production */ = {
			isa = XCBuildConfiguration;
			buildSettings = {
				ALWAYS_EMBED_SWIFT_STANDARD_LIBRARIES = YES;
				BUNDLE_LOADER = "$(TEST_HOST)";
				CODE_SIGN_STYLE = Automatic;
				CURRENT_PROJECT_VERSION = 1;
				DEVELOPMENT_TEAM = M92VXVU7J9;
				GENERATE_INFOPLIST_FILE = YES;
				INFOPLIST_KEY_CFBundleDisplayName = "KPIHub Dev";
				IPHONEOS_DEPLOYMENT_TARGET = 16.0;
				MARKETING_VERSION = 1.0;
				PRODUCT_BUNDLE_IDENTIFIER = com.ddanilyuk.KPIHubIOSTests;
				PRODUCT_NAME = "$(TARGET_NAME)";
				SWIFT_EMIT_LOC_STRINGS = NO;
				SWIFT_VERSION = 5.0;
				TARGETED_DEVICE_FAMILY = "1,2";
				TEST_HOST = "$(BUILT_PRODUCTS_DIR)/KPIHubIOS.app/KPIHubIOS";
			};
			name = "Debug-Production";
		};
		5F1B201028708B7B00E1D2A6 /* Debug-Production */ = {
			isa = XCBuildConfiguration;
			buildSettings = {
				ALWAYS_EMBED_SWIFT_STANDARD_LIBRARIES = YES;
				CODE_SIGN_STYLE = Automatic;
				CURRENT_PROJECT_VERSION = 1;
				DEVELOPMENT_TEAM = M92VXVU7J9;
				GENERATE_INFOPLIST_FILE = YES;
				INFOPLIST_KEY_CFBundleDisplayName = "KPIHub Dev";
				MARKETING_VERSION = 1.0;
				PRODUCT_BUNDLE_IDENTIFIER = com.ddanilyuk.KPIHubIOSUITests;
				PRODUCT_NAME = "$(TARGET_NAME)";
				SWIFT_EMIT_LOC_STRINGS = NO;
				SWIFT_VERSION = 5.0;
				TARGETED_DEVICE_FAMILY = "1,2";
				TEST_TARGET_NAME = KPIHubIOS;
			};
			name = "Debug-Production";
		};
		5F1B201128708BA000E1D2A6 /* Release-Development */ = {
			isa = XCBuildConfiguration;
			buildSettings = {
				ALWAYS_SEARCH_USER_PATHS = NO;
				ASSETCATALOG_COMPILER_APPICON_NAME = "$(KPIHubIOS_APP_ICON)";
				ASSETCATALOG_COMPILER_GENERATE_SWIFT_ASSET_SYMBOL_EXTENSIONS = YES;
				CLANG_ANALYZER_LOCALIZABILITY_NONLOCALIZED = YES;
				CLANG_ANALYZER_NONNULL = YES;
				CLANG_ANALYZER_NUMBER_OBJECT_CONVERSION = YES_AGGRESSIVE;
				CLANG_CXX_LANGUAGE_STANDARD = "gnu++17";
				CLANG_ENABLE_MODULES = YES;
				CLANG_ENABLE_OBJC_ARC = YES;
				CLANG_ENABLE_OBJC_WEAK = YES;
				CLANG_WARN_BLOCK_CAPTURE_AUTORELEASING = YES;
				CLANG_WARN_BOOL_CONVERSION = YES;
				CLANG_WARN_COMMA = YES;
				CLANG_WARN_CONSTANT_CONVERSION = YES;
				CLANG_WARN_DEPRECATED_OBJC_IMPLEMENTATIONS = YES;
				CLANG_WARN_DIRECT_OBJC_ISA_USAGE = YES_ERROR;
				CLANG_WARN_DOCUMENTATION_COMMENTS = YES;
				CLANG_WARN_EMPTY_BODY = YES;
				CLANG_WARN_ENUM_CONVERSION = YES;
				CLANG_WARN_INFINITE_RECURSION = YES;
				CLANG_WARN_INT_CONVERSION = YES;
				CLANG_WARN_NON_LITERAL_NULL_CONVERSION = YES;
				CLANG_WARN_OBJC_IMPLICIT_RETAIN_SELF = YES;
				CLANG_WARN_OBJC_LITERAL_CONVERSION = YES;
				CLANG_WARN_OBJC_ROOT_CLASS = YES_ERROR;
				CLANG_WARN_QUOTED_INCLUDE_IN_FRAMEWORK_HEADER = YES;
				CLANG_WARN_RANGE_LOOP_ANALYSIS = YES;
				CLANG_WARN_STRICT_PROTOTYPES = YES;
				CLANG_WARN_SUSPICIOUS_MOVE = YES;
				CLANG_WARN_UNGUARDED_AVAILABILITY = YES_AGGRESSIVE;
				CLANG_WARN_UNREACHABLE_CODE = YES;
				CLANG_WARN__DUPLICATE_METHOD_MATCH = YES;
				COPY_PHASE_STRIP = NO;
				DEBUG_INFORMATION_FORMAT = "dwarf-with-dsym";
				ENABLE_BITCODE = NO;
				ENABLE_NS_ASSERTIONS = NO;
				ENABLE_STRICT_OBJC_MSGSEND = YES;
				ENABLE_TESTABILITY = YES;
				ENABLE_USER_SCRIPT_SANDBOXING = NO;
				GCC_C_LANGUAGE_STANDARD = gnu11;
				GCC_NO_COMMON_BLOCKS = YES;
				GCC_WARN_64_TO_32_BIT_CONVERSION = YES;
				GCC_WARN_ABOUT_RETURN_TYPE = YES_ERROR;
				GCC_WARN_UNDECLARED_SELECTOR = YES;
				GCC_WARN_UNINITIALIZED_AUTOS = YES_AGGRESSIVE;
				GCC_WARN_UNUSED_FUNCTION = YES;
				GCC_WARN_UNUSED_VARIABLE = YES;
				INFOPLIST_KEY_CFBundleDisplayName = "$(KPIHubIOS_APP_NAME)";
				IPHONEOS_DEPLOYMENT_TARGET = 17.0;
				MTL_ENABLE_DEBUG_INFO = NO;
				MTL_FAST_MATH = YES;
				ONLY_ACTIVE_ARCH = YES;
				SDKROOT = iphoneos;
				SWIFT_COMPILATION_MODE = wholemodule;
				SWIFT_OPTIMIZATION_LEVEL = "-O";
				VALIDATE_PRODUCT = YES;
			};
			name = "Release-Development";
		};
		5F1B201228708BA000E1D2A6 /* Release-Development */ = {
			isa = XCBuildConfiguration;
			buildSettings = {
				ASSETCATALOG_COMPILER_APPICON_NAME = "$(KPIHubIOS_APP_ICON)";
				ASSETCATALOG_COMPILER_GENERATE_SWIFT_ASSET_SYMBOL_EXTENSIONS = YES;
				ASSETCATALOG_COMPILER_GLOBAL_ACCENT_COLOR_NAME = AccentColor;
				CODE_SIGN_STYLE = Automatic;
				CURRENT_PROJECT_VERSION = 1;
				DEBUG_INFORMATION_FORMAT = "dwarf-with-dsym";
				DEVELOPMENT_ASSET_PATHS = "\"KPIHubIOS/Preview Content\"";
				DEVELOPMENT_TEAM = M92VXVU7J9;
				ENABLE_BITCODE = "$(inherited)";
				ENABLE_PREVIEWS = YES;
				GENERATE_INFOPLIST_FILE = YES;
				INFOPLIST_FILE = KPIHubIOS/Info.plist;
				INFOPLIST_KEY_CFBundleDisplayName = "KPIHub Dev";
				INFOPLIST_KEY_UIApplicationSceneManifest_Generation = YES;
				INFOPLIST_KEY_UIApplicationSupportsIndirectInputEvents = YES;
				INFOPLIST_KEY_UILaunchScreen_Generation = YES;
				INFOPLIST_KEY_UISupportedInterfaceOrientations = UIInterfaceOrientationPortrait;
				INFOPLIST_KEY_UISupportedInterfaceOrientations_iPad = "UIInterfaceOrientationLandscapeLeft UIInterfaceOrientationLandscapeRight UIInterfaceOrientationPortrait UIInterfaceOrientationPortraitUpsideDown";
				LD_RUNPATH_SEARCH_PATHS = (
					"$(inherited)",
					"@executable_path/Frameworks",
				);
				MARKETING_VERSION = 1.2.1;
				PRODUCT_BUNDLE_IDENTIFIER = com.ddanilyuk.KPIHubIOS.development;
				PRODUCT_NAME = "$(TARGET_NAME)";
				SWIFT_EMIT_LOC_STRINGS = YES;
				SWIFT_VERSION = 5.0;
				TARGETED_DEVICE_FAMILY = 1;
			};
			name = "Release-Development";
		};
		5F1B201328708BA000E1D2A6 /* Release-Development */ = {
			isa = XCBuildConfiguration;
			buildSettings = {
				ALWAYS_EMBED_SWIFT_STANDARD_LIBRARIES = YES;
				BUNDLE_LOADER = "$(TEST_HOST)";
				CODE_SIGN_STYLE = Automatic;
				CURRENT_PROJECT_VERSION = 1;
				DEVELOPMENT_TEAM = M92VXVU7J9;
				GENERATE_INFOPLIST_FILE = YES;
				INFOPLIST_KEY_CFBundleDisplayName = "KPIHub Dev";
				IPHONEOS_DEPLOYMENT_TARGET = 16.0;
				MARKETING_VERSION = 1.0;
				PRODUCT_BUNDLE_IDENTIFIER = com.ddanilyuk.KPIHubIOSTests;
				PRODUCT_NAME = "$(TARGET_NAME)";
				SWIFT_EMIT_LOC_STRINGS = NO;
				SWIFT_VERSION = 5.0;
				TARGETED_DEVICE_FAMILY = "1,2";
				TEST_HOST = "$(BUILT_PRODUCTS_DIR)/KPIHubIOS.app/KPIHubIOS";
			};
			name = "Release-Development";
		};
		5F1B201428708BA000E1D2A6 /* Release-Development */ = {
			isa = XCBuildConfiguration;
			buildSettings = {
				ALWAYS_EMBED_SWIFT_STANDARD_LIBRARIES = YES;
				CODE_SIGN_STYLE = Automatic;
				CURRENT_PROJECT_VERSION = 1;
				DEVELOPMENT_TEAM = M92VXVU7J9;
				GENERATE_INFOPLIST_FILE = YES;
				INFOPLIST_KEY_CFBundleDisplayName = "KPIHub Dev";
				MARKETING_VERSION = 1.0;
				PRODUCT_BUNDLE_IDENTIFIER = com.ddanilyuk.KPIHubIOSUITests;
				PRODUCT_NAME = "$(TARGET_NAME)";
				SWIFT_EMIT_LOC_STRINGS = NO;
				SWIFT_VERSION = 5.0;
				TARGETED_DEVICE_FAMILY = "1,2";
				TEST_TARGET_NAME = KPIHubIOS;
			};
			name = "Release-Development";
		};
		5F97B3DD283677C600350368 /* Debug-Development */ = {
			isa = XCBuildConfiguration;
			buildSettings = {
				ALWAYS_SEARCH_USER_PATHS = NO;
				ASSETCATALOG_COMPILER_APPICON_NAME = "$(KPIHubIOS_APP_ICON)";
				ASSETCATALOG_COMPILER_GENERATE_SWIFT_ASSET_SYMBOL_EXTENSIONS = YES;
				CLANG_ANALYZER_LOCALIZABILITY_NONLOCALIZED = YES;
				CLANG_ANALYZER_NONNULL = YES;
				CLANG_ANALYZER_NUMBER_OBJECT_CONVERSION = YES_AGGRESSIVE;
				CLANG_CXX_LANGUAGE_STANDARD = "gnu++17";
				CLANG_ENABLE_MODULES = YES;
				CLANG_ENABLE_OBJC_ARC = YES;
				CLANG_ENABLE_OBJC_WEAK = YES;
				CLANG_WARN_BLOCK_CAPTURE_AUTORELEASING = YES;
				CLANG_WARN_BOOL_CONVERSION = YES;
				CLANG_WARN_COMMA = YES;
				CLANG_WARN_CONSTANT_CONVERSION = YES;
				CLANG_WARN_DEPRECATED_OBJC_IMPLEMENTATIONS = YES;
				CLANG_WARN_DIRECT_OBJC_ISA_USAGE = YES_ERROR;
				CLANG_WARN_DOCUMENTATION_COMMENTS = YES;
				CLANG_WARN_EMPTY_BODY = YES;
				CLANG_WARN_ENUM_CONVERSION = YES;
				CLANG_WARN_INFINITE_RECURSION = YES;
				CLANG_WARN_INT_CONVERSION = YES;
				CLANG_WARN_NON_LITERAL_NULL_CONVERSION = YES;
				CLANG_WARN_OBJC_IMPLICIT_RETAIN_SELF = YES;
				CLANG_WARN_OBJC_LITERAL_CONVERSION = YES;
				CLANG_WARN_OBJC_ROOT_CLASS = YES_ERROR;
				CLANG_WARN_QUOTED_INCLUDE_IN_FRAMEWORK_HEADER = YES;
				CLANG_WARN_RANGE_LOOP_ANALYSIS = YES;
				CLANG_WARN_STRICT_PROTOTYPES = YES;
				CLANG_WARN_SUSPICIOUS_MOVE = YES;
				CLANG_WARN_UNGUARDED_AVAILABILITY = YES_AGGRESSIVE;
				CLANG_WARN_UNREACHABLE_CODE = YES;
				CLANG_WARN__DUPLICATE_METHOD_MATCH = YES;
				COPY_PHASE_STRIP = NO;
				DEBUG_INFORMATION_FORMAT = dwarf;
				ENABLE_STRICT_OBJC_MSGSEND = YES;
				ENABLE_TESTABILITY = YES;
				ENABLE_USER_SCRIPT_SANDBOXING = NO;
				GCC_C_LANGUAGE_STANDARD = gnu11;
				GCC_DYNAMIC_NO_PIC = NO;
				GCC_NO_COMMON_BLOCKS = YES;
				GCC_OPTIMIZATION_LEVEL = 0;
				GCC_PREPROCESSOR_DEFINITIONS = (
					"DEBUG=1",
					"$(inherited)",
				);
				GCC_WARN_64_TO_32_BIT_CONVERSION = YES;
				GCC_WARN_ABOUT_RETURN_TYPE = YES_ERROR;
				GCC_WARN_UNDECLARED_SELECTOR = YES;
				GCC_WARN_UNINITIALIZED_AUTOS = YES_AGGRESSIVE;
				GCC_WARN_UNUSED_FUNCTION = YES;
				GCC_WARN_UNUSED_VARIABLE = YES;
				INFOPLIST_KEY_CFBundleDisplayName = "$(KPIHubIOS_APP_NAME)";
				IPHONEOS_DEPLOYMENT_TARGET = 17.0;
				MTL_ENABLE_DEBUG_INFO = INCLUDE_SOURCE;
				MTL_FAST_MATH = YES;
				ONLY_ACTIVE_ARCH = YES;
				SDKROOT = iphoneos;
				SWIFT_ACTIVE_COMPILATION_CONDITIONS = DEBUG;
				SWIFT_OPTIMIZATION_LEVEL = "-Onone";
			};
			name = "Debug-Development";
		};
		5F97B3DE283677C600350368 /* Release-Production */ = {
			isa = XCBuildConfiguration;
			buildSettings = {
				ALWAYS_SEARCH_USER_PATHS = NO;
				ASSETCATALOG_COMPILER_APPICON_NAME = "$(KPIHubIOS_APP_ICON)";
				ASSETCATALOG_COMPILER_GENERATE_SWIFT_ASSET_SYMBOL_EXTENSIONS = YES;
				CLANG_ANALYZER_LOCALIZABILITY_NONLOCALIZED = YES;
				CLANG_ANALYZER_NONNULL = YES;
				CLANG_ANALYZER_NUMBER_OBJECT_CONVERSION = YES_AGGRESSIVE;
				CLANG_CXX_LANGUAGE_STANDARD = "gnu++17";
				CLANG_ENABLE_MODULES = YES;
				CLANG_ENABLE_OBJC_ARC = YES;
				CLANG_ENABLE_OBJC_WEAK = YES;
				CLANG_WARN_BLOCK_CAPTURE_AUTORELEASING = YES;
				CLANG_WARN_BOOL_CONVERSION = YES;
				CLANG_WARN_COMMA = YES;
				CLANG_WARN_CONSTANT_CONVERSION = YES;
				CLANG_WARN_DEPRECATED_OBJC_IMPLEMENTATIONS = YES;
				CLANG_WARN_DIRECT_OBJC_ISA_USAGE = YES_ERROR;
				CLANG_WARN_DOCUMENTATION_COMMENTS = YES;
				CLANG_WARN_EMPTY_BODY = YES;
				CLANG_WARN_ENUM_CONVERSION = YES;
				CLANG_WARN_INFINITE_RECURSION = YES;
				CLANG_WARN_INT_CONVERSION = YES;
				CLANG_WARN_NON_LITERAL_NULL_CONVERSION = YES;
				CLANG_WARN_OBJC_IMPLICIT_RETAIN_SELF = YES;
				CLANG_WARN_OBJC_LITERAL_CONVERSION = YES;
				CLANG_WARN_OBJC_ROOT_CLASS = YES_ERROR;
				CLANG_WARN_QUOTED_INCLUDE_IN_FRAMEWORK_HEADER = YES;
				CLANG_WARN_RANGE_LOOP_ANALYSIS = YES;
				CLANG_WARN_STRICT_PROTOTYPES = YES;
				CLANG_WARN_SUSPICIOUS_MOVE = YES;
				CLANG_WARN_UNGUARDED_AVAILABILITY = YES_AGGRESSIVE;
				CLANG_WARN_UNREACHABLE_CODE = YES;
				CLANG_WARN__DUPLICATE_METHOD_MATCH = YES;
				COPY_PHASE_STRIP = NO;
				DEBUG_INFORMATION_FORMAT = "dwarf-with-dsym";
				ENABLE_BITCODE = NO;
				ENABLE_NS_ASSERTIONS = NO;
				ENABLE_STRICT_OBJC_MSGSEND = YES;
				ENABLE_USER_SCRIPT_SANDBOXING = NO;
				GCC_C_LANGUAGE_STANDARD = gnu11;
				GCC_NO_COMMON_BLOCKS = YES;
				GCC_WARN_64_TO_32_BIT_CONVERSION = YES;
				GCC_WARN_ABOUT_RETURN_TYPE = YES_ERROR;
				GCC_WARN_UNDECLARED_SELECTOR = YES;
				GCC_WARN_UNINITIALIZED_AUTOS = YES_AGGRESSIVE;
				GCC_WARN_UNUSED_FUNCTION = YES;
				GCC_WARN_UNUSED_VARIABLE = YES;
				INFOPLIST_KEY_CFBundleDisplayName = "$(KPIHubIOS_APP_NAME)";
				IPHONEOS_DEPLOYMENT_TARGET = 17.0;
				MTL_ENABLE_DEBUG_INFO = NO;
				MTL_FAST_MATH = YES;
				SDKROOT = iphoneos;
				SWIFT_COMPILATION_MODE = wholemodule;
				SWIFT_OPTIMIZATION_LEVEL = "-O";
				VALIDATE_PRODUCT = YES;
			};
			name = "Release-Production";
		};
		5F97B3E0283677C600350368 /* Debug-Development */ = {
			isa = XCBuildConfiguration;
			buildSettings = {
				ASSETCATALOG_COMPILER_APPICON_NAME = "$(KPIHubIOS_APP_ICON)";
				ASSETCATALOG_COMPILER_GENERATE_SWIFT_ASSET_SYMBOL_EXTENSIONS = YES;
				ASSETCATALOG_COMPILER_GLOBAL_ACCENT_COLOR_NAME = AccentColor;
				CODE_SIGN_STYLE = Automatic;
				CURRENT_PROJECT_VERSION = 1;
				DEVELOPMENT_ASSET_PATHS = "\"KPIHubIOS/Preview Content\"";
				DEVELOPMENT_TEAM = M92VXVU7J9;
				ENABLE_PREVIEWS = YES;
				GENERATE_INFOPLIST_FILE = YES;
				INFOPLIST_FILE = KPIHubIOS/Info.plist;
				INFOPLIST_KEY_CFBundleDisplayName = "KPIHub Dev";
				INFOPLIST_KEY_UIApplicationSceneManifest_Generation = YES;
				INFOPLIST_KEY_UIApplicationSupportsIndirectInputEvents = YES;
				INFOPLIST_KEY_UILaunchScreen_Generation = YES;
				INFOPLIST_KEY_UISupportedInterfaceOrientations = UIInterfaceOrientationPortrait;
				INFOPLIST_KEY_UISupportedInterfaceOrientations_iPad = "UIInterfaceOrientationLandscapeLeft UIInterfaceOrientationLandscapeRight UIInterfaceOrientationPortrait UIInterfaceOrientationPortraitUpsideDown";
				LD_RUNPATH_SEARCH_PATHS = (
					"$(inherited)",
					"@executable_path/Frameworks",
				);
				MARKETING_VERSION = 1.2.1;
				PRODUCT_BUNDLE_IDENTIFIER = com.ddanilyuk.KPIHubIOS.development;
				PRODUCT_NAME = "$(TARGET_NAME)";
				SWIFT_EMIT_LOC_STRINGS = YES;
				SWIFT_VERSION = 5.0;
				TARGETED_DEVICE_FAMILY = 1;
			};
			name = "Debug-Development";
		};
		5F97B3E1283677C600350368 /* Release-Production */ = {
			isa = XCBuildConfiguration;
			buildSettings = {
				ASSETCATALOG_COMPILER_APPICON_NAME = "$(KPIHubIOS_APP_ICON)";
				ASSETCATALOG_COMPILER_GENERATE_SWIFT_ASSET_SYMBOL_EXTENSIONS = YES;
				ASSETCATALOG_COMPILER_GLOBAL_ACCENT_COLOR_NAME = AccentColor;
				CODE_SIGN_STYLE = Automatic;
				CURRENT_PROJECT_VERSION = 1;
				DEBUG_INFORMATION_FORMAT = "dwarf-with-dsym";
				DEVELOPMENT_ASSET_PATHS = "\"KPIHubIOS/Preview Content\"";
				DEVELOPMENT_TEAM = M92VXVU7J9;
				ENABLE_BITCODE = "$(inherited)";
				ENABLE_PREVIEWS = YES;
				GENERATE_INFOPLIST_FILE = YES;
				INFOPLIST_FILE = KPIHubIOS/Info.plist;
				INFOPLIST_KEY_CFBundleDisplayName = "KPIHub Dev";
				INFOPLIST_KEY_UIApplicationSceneManifest_Generation = YES;
				INFOPLIST_KEY_UIApplicationSupportsIndirectInputEvents = YES;
				INFOPLIST_KEY_UILaunchScreen_Generation = YES;
				INFOPLIST_KEY_UISupportedInterfaceOrientations = UIInterfaceOrientationPortrait;
				INFOPLIST_KEY_UISupportedInterfaceOrientations_iPad = "UIInterfaceOrientationLandscapeLeft UIInterfaceOrientationLandscapeRight UIInterfaceOrientationPortrait UIInterfaceOrientationPortraitUpsideDown";
				LD_RUNPATH_SEARCH_PATHS = (
					"$(inherited)",
					"@executable_path/Frameworks",
				);
				MARKETING_VERSION = 1.2.1;
				PRODUCT_BUNDLE_IDENTIFIER = com.ddanilyuk.KPIHubIOS;
				PRODUCT_NAME = "$(TARGET_NAME)";
				SWIFT_EMIT_LOC_STRINGS = YES;
				SWIFT_VERSION = 5.0;
				TARGETED_DEVICE_FAMILY = 1;
			};
			name = "Release-Production";
		};
		5F97B3E3283677C600350368 /* Debug-Development */ = {
			isa = XCBuildConfiguration;
			buildSettings = {
				ALWAYS_EMBED_SWIFT_STANDARD_LIBRARIES = YES;
				BUNDLE_LOADER = "$(TEST_HOST)";
				CODE_SIGN_STYLE = Automatic;
				CURRENT_PROJECT_VERSION = 1;
				DEVELOPMENT_TEAM = M92VXVU7J9;
				GENERATE_INFOPLIST_FILE = YES;
				INFOPLIST_KEY_CFBundleDisplayName = "KPIHub Dev";
				IPHONEOS_DEPLOYMENT_TARGET = 16.0;
				MARKETING_VERSION = 1.0;
				PRODUCT_BUNDLE_IDENTIFIER = com.ddanilyuk.KPIHubIOSTests;
				PRODUCT_NAME = "$(TARGET_NAME)";
				SWIFT_EMIT_LOC_STRINGS = NO;
				SWIFT_VERSION = 5.0;
				TARGETED_DEVICE_FAMILY = "1,2";
				TEST_HOST = "$(BUILT_PRODUCTS_DIR)/KPIHubIOS.app/KPIHubIOS";
			};
			name = "Debug-Development";
		};
		5F97B3E4283677C600350368 /* Release-Production */ = {
			isa = XCBuildConfiguration;
			buildSettings = {
				ALWAYS_EMBED_SWIFT_STANDARD_LIBRARIES = YES;
				BUNDLE_LOADER = "$(TEST_HOST)";
				CODE_SIGN_STYLE = Automatic;
				CURRENT_PROJECT_VERSION = 1;
				DEVELOPMENT_TEAM = M92VXVU7J9;
				GENERATE_INFOPLIST_FILE = YES;
				INFOPLIST_KEY_CFBundleDisplayName = "KPIHub Dev";
				IPHONEOS_DEPLOYMENT_TARGET = 16.0;
				MARKETING_VERSION = 1.0;
				PRODUCT_BUNDLE_IDENTIFIER = com.ddanilyuk.KPIHubIOSTests;
				PRODUCT_NAME = "$(TARGET_NAME)";
				SWIFT_EMIT_LOC_STRINGS = NO;
				SWIFT_VERSION = 5.0;
				TARGETED_DEVICE_FAMILY = "1,2";
				TEST_HOST = "$(BUILT_PRODUCTS_DIR)/KPIHubIOS.app/KPIHubIOS";
			};
			name = "Release-Production";
		};
		5F97B3E6283677C600350368 /* Debug-Development */ = {
			isa = XCBuildConfiguration;
			buildSettings = {
				ALWAYS_EMBED_SWIFT_STANDARD_LIBRARIES = YES;
				CODE_SIGN_STYLE = Automatic;
				CURRENT_PROJECT_VERSION = 1;
				DEVELOPMENT_TEAM = M92VXVU7J9;
				GENERATE_INFOPLIST_FILE = YES;
				INFOPLIST_KEY_CFBundleDisplayName = "KPIHub Dev";
				MARKETING_VERSION = 1.0;
				PRODUCT_BUNDLE_IDENTIFIER = com.ddanilyuk.KPIHubIOSUITests;
				PRODUCT_NAME = "$(TARGET_NAME)";
				SWIFT_EMIT_LOC_STRINGS = NO;
				SWIFT_VERSION = 5.0;
				TARGETED_DEVICE_FAMILY = "1,2";
				TEST_TARGET_NAME = KPIHubIOS;
			};
			name = "Debug-Development";
		};
		5F97B3E7283677C600350368 /* Release-Production */ = {
			isa = XCBuildConfiguration;
			buildSettings = {
				ALWAYS_EMBED_SWIFT_STANDARD_LIBRARIES = YES;
				CODE_SIGN_STYLE = Automatic;
				CURRENT_PROJECT_VERSION = 1;
				DEVELOPMENT_TEAM = M92VXVU7J9;
				GENERATE_INFOPLIST_FILE = YES;
				INFOPLIST_KEY_CFBundleDisplayName = "KPIHub Dev";
				MARKETING_VERSION = 1.0;
				PRODUCT_BUNDLE_IDENTIFIER = com.ddanilyuk.KPIHubIOSUITests;
				PRODUCT_NAME = "$(TARGET_NAME)";
				SWIFT_EMIT_LOC_STRINGS = NO;
				SWIFT_VERSION = 5.0;
				TARGETED_DEVICE_FAMILY = "1,2";
				TEST_TARGET_NAME = KPIHubIOS;
			};
			name = "Release-Production";
		};
/* End XCBuildConfiguration section */

/* Begin XCConfigurationList section */
		5F97B3B6283677C200350368 /* Build configuration list for PBXProject "KPIHubIOS" */ = {
			isa = XCConfigurationList;
			buildConfigurations = (
				5F97B3DD283677C600350368 /* Debug-Development */,
				5F1B200D28708B7B00E1D2A6 /* Debug-Production */,
				5F1B201128708BA000E1D2A6 /* Release-Development */,
				5F97B3DE283677C600350368 /* Release-Production */,
			);
			defaultConfigurationIsVisible = 0;
			defaultConfigurationName = "Debug-Production";
		};
		5F97B3DF283677C600350368 /* Build configuration list for PBXNativeTarget "KPIHubIOS" */ = {
			isa = XCConfigurationList;
			buildConfigurations = (
				5F97B3E0283677C600350368 /* Debug-Development */,
				5F1B200E28708B7B00E1D2A6 /* Debug-Production */,
				5F1B201228708BA000E1D2A6 /* Release-Development */,
				5F97B3E1283677C600350368 /* Release-Production */,
			);
			defaultConfigurationIsVisible = 0;
			defaultConfigurationName = "Debug-Production";
		};
		5F97B3E2283677C600350368 /* Build configuration list for PBXNativeTarget "KPIHubIOSTests" */ = {
			isa = XCConfigurationList;
			buildConfigurations = (
				5F97B3E3283677C600350368 /* Debug-Development */,
				5F1B200F28708B7B00E1D2A6 /* Debug-Production */,
				5F1B201328708BA000E1D2A6 /* Release-Development */,
				5F97B3E4283677C600350368 /* Release-Production */,
			);
			defaultConfigurationIsVisible = 0;
			defaultConfigurationName = "Debug-Production";
		};
		5F97B3E5283677C600350368 /* Build configuration list for PBXNativeTarget "KPIHubIOSUITests" */ = {
			isa = XCConfigurationList;
			buildConfigurations = (
				5F97B3E6283677C600350368 /* Debug-Development */,
				5F1B201028708B7B00E1D2A6 /* Debug-Production */,
				5F1B201428708BA000E1D2A6 /* Release-Development */,
				5F97B3E7283677C600350368 /* Release-Production */,
			);
			defaultConfigurationIsVisible = 0;
			defaultConfigurationName = "Debug-Production";
		};
/* End XCConfigurationList section */

/* Begin XCRemoteSwiftPackageReference section */
		DB5BBD042ABCDD39003DFCE4 /* XCRemoteSwiftPackageReference "swift-snapshot-testing" */ = {
			isa = XCRemoteSwiftPackageReference;
			repositoryURL = "https://github.com/pointfreeco/swift-snapshot-testing";
			requirement = {
				kind = exactVersion;
				version = 1.14.2;
			};
		};
/* End XCRemoteSwiftPackageReference section */

/* Begin XCSwiftPackageProductDependency section */
		DB13DC882B2A4D1400D37202 /* Common */ = {
			isa = XCSwiftPackageProductDependency;
			productName = Common;
		};
		DB5BBD052ABCDD39003DFCE4 /* SnapshotTesting */ = {
			isa = XCSwiftPackageProductDependency;
			package = DB5BBD042ABCDD39003DFCE4 /* XCRemoteSwiftPackageReference "swift-snapshot-testing" */;
			productName = SnapshotTesting;
		};
/* End XCSwiftPackageProductDependency section */
	};
	rootObject = 5F97B3B3283677C200350368 /* Project object */;
}
